// !$*UTF8*$!
{
	archiveVersion = 1;
	classes = {
	};
	objectVersion = 46;
	objects = {

/* Begin PBXBuildFile section */
		00C302E51ABCBA2D00DB3ED1 /* libRCTActionSheet.a in Frameworks */ = {isa = PBXBuildFile; fileRef = 00C302AC1ABCB8CE00DB3ED1 /* libRCTActionSheet.a */; };
		00C302E71ABCBA2D00DB3ED1 /* libRCTGeolocation.a in Frameworks */ = {isa = PBXBuildFile; fileRef = 00C302BA1ABCB90400DB3ED1 /* libRCTGeolocation.a */; };
		00C302E81ABCBA2D00DB3ED1 /* libRCTImage.a in Frameworks */ = {isa = PBXBuildFile; fileRef = 00C302C01ABCB91800DB3ED1 /* libRCTImage.a */; };
		00C302E91ABCBA2D00DB3ED1 /* libRCTNetwork.a in Frameworks */ = {isa = PBXBuildFile; fileRef = 00C302DC1ABCB9D200DB3ED1 /* libRCTNetwork.a */; };
		00C302EA1ABCBA2D00DB3ED1 /* libRCTVibration.a in Frameworks */ = {isa = PBXBuildFile; fileRef = 00C302E41ABCB9EE00DB3ED1 /* libRCTVibration.a */; };
		00E356F31AD99517003FC87E /* AlwaysAroundTests.m in Sources */ = {isa = PBXBuildFile; fileRef = 00E356F21AD99517003FC87E /* AlwaysAroundTests.m */; };
		133E29F31AD74F7200F7D852 /* libRCTLinking.a in Frameworks */ = {isa = PBXBuildFile; fileRef = 78C398B91ACF4ADC00677621 /* libRCTLinking.a */; };
		139105C61AF99C1200B5F7CC /* libRCTSettings.a in Frameworks */ = {isa = PBXBuildFile; fileRef = 139105C11AF99BAD00B5F7CC /* libRCTSettings.a */; };
		139FDEF61B0652A700C62182 /* libRCTWebSocket.a in Frameworks */ = {isa = PBXBuildFile; fileRef = 139FDEF41B06529B00C62182 /* libRCTWebSocket.a */; };
		13B07FBC1A68108700A75B9A /* AppDelegate.m in Sources */ = {isa = PBXBuildFile; fileRef = 13B07FB01A68108700A75B9A /* AppDelegate.m */; };
		13B07FBD1A68108700A75B9A /* LaunchScreen.xib in Resources */ = {isa = PBXBuildFile; fileRef = 13B07FB11A68108700A75B9A /* LaunchScreen.xib */; };
		13B07FC11A68108700A75B9A /* main.m in Sources */ = {isa = PBXBuildFile; fileRef = 13B07FB71A68108700A75B9A /* main.m */; };
		146834051AC3E58100842450 /* libReact.a in Frameworks */ = {isa = PBXBuildFile; fileRef = 146834041AC3E56700842450 /* libReact.a */; };
		832341BD1AAA6AB300B99B32 /* libRCTText.a in Frameworks */ = {isa = PBXBuildFile; fileRef = 832341B51AAA6A8300B99B32 /* libRCTText.a */; };
		AA1156E51CD80974006DD7CB /* address.png in Resources */ = {isa = PBXBuildFile; fileRef = AA1156E21CD80974006DD7CB /* address.png */; };
		AA1156E61CD80974006DD7CB /* address@2x.png in Resources */ = {isa = PBXBuildFile; fileRef = AA1156E31CD80974006DD7CB /* address@2x.png */; };
		AA1156E71CD80974006DD7CB /* address@3x.png in Resources */ = {isa = PBXBuildFile; fileRef = AA1156E41CD80974006DD7CB /* address@3x.png */; };
		AA1156F91CD80C8D006DD7CB /* Images.xcassets in Resources */ = {isa = PBXBuildFile; fileRef = AA1156F81CD80C8D006DD7CB /* Images.xcassets */; };
		AA1156FD1CD80CB8006DD7CB /* facebook.png in Resources */ = {isa = PBXBuildFile; fileRef = AA1156FA1CD80CB8006DD7CB /* facebook.png */; };
		AA1156FE1CD80CB8006DD7CB /* facebook@2x.png in Resources */ = {isa = PBXBuildFile; fileRef = AA1156FB1CD80CB8006DD7CB /* facebook@2x.png */; };
		AA1156FF1CD80CB8006DD7CB /* facebook@3x.png in Resources */ = {isa = PBXBuildFile; fileRef = AA1156FC1CD80CB8006DD7CB /* facebook@3x.png */; };
		AA1157031CD81072006DD7CB /* z.png in Resources */ = {isa = PBXBuildFile; fileRef = AA1157001CD81072006DD7CB /* z.png */; };
		AA1157041CD81072006DD7CB /* z@2x.png in Resources */ = {isa = PBXBuildFile; fileRef = AA1157011CD81072006DD7CB /* z@2x.png */; };
		AA1157051CD81072006DD7CB /* z@3x.png in Resources */ = {isa = PBXBuildFile; fileRef = AA1157021CD81072006DD7CB /* z@3x.png */; };
		AA2B73851CDFEA6300960C56 /* libRCTToggle.a in Frameworks */ = {isa = PBXBuildFile; fileRef = AA2B73821CDFEA3B00960C56 /* libRCTToggle.a */; };
		AA2B73891CE00BDC00960C56 /* exsiting_user?.png in Resources */ = {isa = PBXBuildFile; fileRef = AA2B73861CE00BDC00960C56 /* exsiting_user?.png */; };
		AA2B738A1CE00BDC00960C56 /* exsiting_user?@2x.png in Resources */ = {isa = PBXBuildFile; fileRef = AA2B73871CE00BDC00960C56 /* exsiting_user?@2x.png */; };
		AA2B738B1CE00BDC00960C56 /* exsiting_user?@3x.png in Resources */ = {isa = PBXBuildFile; fileRef = AA2B73881CE00BDC00960C56 /* exsiting_user?@3x.png */; };
		AA2B738F1CE00E5E00960C56 /* first_name:@1x.png in Resources */ = {isa = PBXBuildFile; fileRef = AA2B738C1CE00E5E00960C56 /* first_name:@1x.png */; };
		AA2B73901CE00E5E00960C56 /* first_name:@2x.png in Resources */ = {isa = PBXBuildFile; fileRef = AA2B738D1CE00E5E00960C56 /* first_name:@2x.png */; };
		AA2B73911CE00E5E00960C56 /* first_name:@3x.png in Resources */ = {isa = PBXBuildFile; fileRef = AA2B738E1CE00E5E00960C56 /* first_name:@3x.png */; };
		AA2B73951CE00FF500960C56 /* surname:@1x.png in Resources */ = {isa = PBXBuildFile; fileRef = AA2B73921CE00FF500960C56 /* surname:@1x.png */; };
		AA2B73961CE00FF500960C56 /* surname:@2x.png in Resources */ = {isa = PBXBuildFile; fileRef = AA2B73931CE00FF500960C56 /* surname:@2x.png */; };
		AA2B73971CE00FF500960C56 /* surname:@3x.png in Resources */ = {isa = PBXBuildFile; fileRef = AA2B73941CE00FF500960C56 /* surname:@3x.png */; };
		AA2B739B1CE013FF00960C56 /* Phone_number:.png in Resources */ = {isa = PBXBuildFile; fileRef = AA2B73981CE013FF00960C56 /* Phone_number:.png */; };
		AA2B739C1CE013FF00960C56 /* Phone_number:@2x.png in Resources */ = {isa = PBXBuildFile; fileRef = AA2B73991CE013FF00960C56 /* Phone_number:@2x.png */; };
		AA2B739D1CE013FF00960C56 /* Phone_number:@3x.png in Resources */ = {isa = PBXBuildFile; fileRef = AA2B739A1CE013FF00960C56 /* Phone_number:@3x.png */; };
		AA2B73A11CE014FC00960C56 /* words.png in Resources */ = {isa = PBXBuildFile; fileRef = AA2B739E1CE014FC00960C56 /* words.png */; };
		AA2B73A21CE014FC00960C56 /* words@2x.png in Resources */ = {isa = PBXBuildFile; fileRef = AA2B739F1CE014FC00960C56 /* words@2x.png */; };
		AA2B73A31CE014FC00960C56 /* words@3x.png in Resources */ = {isa = PBXBuildFile; fileRef = AA2B73A01CE014FC00960C56 /* words@3x.png */; };
		AA40F28D1CD817250020CAC7 /* logo.png in Resources */ = {isa = PBXBuildFile; fileRef = AA40F28A1CD817250020CAC7 /* logo.png */; };
		AA40F28E1CD817250020CAC7 /* logo@2x.png in Resources */ = {isa = PBXBuildFile; fileRef = AA40F28B1CD817250020CAC7 /* logo@2x.png */; };
		AA40F28F1CD817250020CAC7 /* logo@3x.png in Resources */ = {isa = PBXBuildFile; fileRef = AA40F28C1CD817250020CAC7 /* logo@3x.png */; };
		AA40F2931CD8179B0020CAC7 /* Line_new_user.png in Resources */ = {isa = PBXBuildFile; fileRef = AA40F2901CD8179B0020CAC7 /* Line_new_user.png */; };
		AA40F2941CD8179B0020CAC7 /* Line_new_user@2x.png in Resources */ = {isa = PBXBuildFile; fileRef = AA40F2911CD8179B0020CAC7 /* Line_new_user@2x.png */; };
		AA40F2951CD8179B0020CAC7 /* Line_new_user@3x.png in Resources */ = {isa = PBXBuildFile; fileRef = AA40F2921CD8179B0020CAC7 /* Line_new_user@3x.png */; };
		AA40F2991CD86B530020CAC7 /* BG@1x.png in Resources */ = {isa = PBXBuildFile; fileRef = AA40F2961CD86B530020CAC7 /* BG@1x.png */; };
		AA40F29A1CD86B530020CAC7 /* BG@2x.png in Resources */ = {isa = PBXBuildFile; fileRef = AA40F2971CD86B530020CAC7 /* BG@2x.png */; };
		AA40F29B1CD86B530020CAC7 /* BG@3x.png in Resources */ = {isa = PBXBuildFile; fileRef = AA40F2981CD86B530020CAC7 /* BG@3x.png */; };
		AA40F29F1CD86DC50020CAC7 /* Email:@1x.png in Resources */ = {isa = PBXBuildFile; fileRef = AA40F29C1CD86DC50020CAC7 /* Email:@1x.png */; };
		AA40F2A01CD86DC50020CAC7 /* Email:@2x.png in Resources */ = {isa = PBXBuildFile; fileRef = AA40F29D1CD86DC50020CAC7 /* Email:@2x.png */; };
		AA40F2A11CD86DC50020CAC7 /* Email:@3x.png in Resources */ = {isa = PBXBuildFile; fileRef = AA40F29E1CD86DC50020CAC7 /* Email:@3x.png */; };
		AA40F2A51CD8750B0020CAC7 /* Password:.png in Resources */ = {isa = PBXBuildFile; fileRef = AA40F2A21CD8750B0020CAC7 /* Password:.png */; };
		AA40F2A61CD8750B0020CAC7 /* Password:@2x.png in Resources */ = {isa = PBXBuildFile; fileRef = AA40F2A31CD8750B0020CAC7 /* Password:@2x.png */; };
		AA40F2A71CD8750B0020CAC7 /* Password:@3x.png in Resources */ = {isa = PBXBuildFile; fileRef = AA40F2A41CD8750B0020CAC7 /* Password:@3x.png */; };
		AA40F2AB1CD876BC0020CAC7 /* Page1.png in Resources */ = {isa = PBXBuildFile; fileRef = AA40F2A81CD876BC0020CAC7 /* Page1.png */; };
		AA40F2AC1CD876BC0020CAC7 /* Page1@2x.png in Resources */ = {isa = PBXBuildFile; fileRef = AA40F2A91CD876BC0020CAC7 /* Page1@2x.png */; };
		AA40F2AD1CD876BC0020CAC7 /* Page1@3x.png in Resources */ = {isa = PBXBuildFile; fileRef = AA40F2AA1CD876BC0020CAC7 /* Page1@3x.png */; };
		AA40F2B71CD879160020CAC7 /* ForgotPassword.png in Resources */ = {isa = PBXBuildFile; fileRef = AA40F2B41CD879160020CAC7 /* ForgotPassword.png */; };
		AA40F2B81CD879160020CAC7 /* ForgotPassword@2x.png in Resources */ = {isa = PBXBuildFile; fileRef = AA40F2B51CD879160020CAC7 /* ForgotPassword@2x.png */; };
		AA40F2B91CD879160020CAC7 /* ForgotPassword@3x.png in Resources */ = {isa = PBXBuildFile; fileRef = AA40F2B61CD879160020CAC7 /* ForgotPassword@3x.png */; };
		AA40F2BD1CD879920020CAC7 /* Lineforgotpassword.png in Resources */ = {isa = PBXBuildFile; fileRef = AA40F2BA1CD879920020CAC7 /* Lineforgotpassword.png */; };
		AA40F2BE1CD879920020CAC7 /* Lineforgotpassword@2x.png in Resources */ = {isa = PBXBuildFile; fileRef = AA40F2BB1CD879920020CAC7 /* Lineforgotpassword@2x.png */; };
		AA40F2BF1CD879920020CAC7 /* Lineforgotpassword@3x.png in Resources */ = {isa = PBXBuildFile; fileRef = AA40F2BC1CD879920020CAC7 /* Lineforgotpassword@3x.png */; };
		AAD0BF1E1CDD3C5C00D5739C /* continue@2x.png in Resources */ = {isa = PBXBuildFile; fileRef = AAD0BF1B1CDD3C5C00D5739C /* continue@2x.png */; };
		AAD0BF1F1CDD3C5C00D5739C /* continue@3x.png in Resources */ = {isa = PBXBuildFile; fileRef = AAD0BF1C1CDD3C5C00D5739C /* continue@3x.png */; };
		AAF715C91CE3B1B100E41D31 /* continue.png in Resources */ = {isa = PBXBuildFile; fileRef = AAF715C81CE3B1B100E41D31 /* continue.png */; };
/* End PBXBuildFile section */

/* Begin PBXContainerItemProxy section */
		00C302AB1ABCB8CE00DB3ED1 /* PBXContainerItemProxy */ = {
			isa = PBXContainerItemProxy;
			containerPortal = 00C302A71ABCB8CE00DB3ED1 /* RCTActionSheet.xcodeproj */;
			proxyType = 2;
			remoteGlobalIDString = 134814201AA4EA6300B7C361;
			remoteInfo = RCTActionSheet;
		};
		00C302B91ABCB90400DB3ED1 /* PBXContainerItemProxy */ = {
			isa = PBXContainerItemProxy;
			containerPortal = 00C302B51ABCB90400DB3ED1 /* RCTGeolocation.xcodeproj */;
			proxyType = 2;
			remoteGlobalIDString = 134814201AA4EA6300B7C361;
			remoteInfo = RCTGeolocation;
		};
		00C302BF1ABCB91800DB3ED1 /* PBXContainerItemProxy */ = {
			isa = PBXContainerItemProxy;
			containerPortal = 00C302BB1ABCB91800DB3ED1 /* RCTImage.xcodeproj */;
			proxyType = 2;
			remoteGlobalIDString = 58B5115D1A9E6B3D00147676;
			remoteInfo = RCTImage;
		};
		00C302DB1ABCB9D200DB3ED1 /* PBXContainerItemProxy */ = {
			isa = PBXContainerItemProxy;
			containerPortal = 00C302D31ABCB9D200DB3ED1 /* RCTNetwork.xcodeproj */;
			proxyType = 2;
			remoteGlobalIDString = 58B511DB1A9E6C8500147676;
			remoteInfo = RCTNetwork;
		};
		00C302E31ABCB9EE00DB3ED1 /* PBXContainerItemProxy */ = {
			isa = PBXContainerItemProxy;
			containerPortal = 00C302DF1ABCB9EE00DB3ED1 /* RCTVibration.xcodeproj */;
			proxyType = 2;
			remoteGlobalIDString = 832C81801AAF6DEF007FA2F7;
			remoteInfo = RCTVibration;
		};
		00E356F41AD99517003FC87E /* PBXContainerItemProxy */ = {
			isa = PBXContainerItemProxy;
			containerPortal = 83CBB9F71A601CBA00E9B192 /* Project object */;
			proxyType = 1;
			remoteGlobalIDString = 13B07F861A680F5B00A75B9A;
			remoteInfo = AlwaysAround;
		};
		139105C01AF99BAD00B5F7CC /* PBXContainerItemProxy */ = {
			isa = PBXContainerItemProxy;
			containerPortal = 139105B61AF99BAD00B5F7CC /* RCTSettings.xcodeproj */;
			proxyType = 2;
			remoteGlobalIDString = 134814201AA4EA6300B7C361;
			remoteInfo = RCTSettings;
		};
		139FDEF31B06529B00C62182 /* PBXContainerItemProxy */ = {
			isa = PBXContainerItemProxy;
			containerPortal = 139FDEE61B06529A00C62182 /* RCTWebSocket.xcodeproj */;
			proxyType = 2;
			remoteGlobalIDString = 3C86DF461ADF2C930047B81A;
			remoteInfo = RCTWebSocket;
		};
		146834031AC3E56700842450 /* PBXContainerItemProxy */ = {
			isa = PBXContainerItemProxy;
			containerPortal = 146833FF1AC3E56700842450 /* React.xcodeproj */;
			proxyType = 2;
			remoteGlobalIDString = 83CBBA2E1A601D0E00E9B192;
			remoteInfo = React;
		};
		78C398B81ACF4ADC00677621 /* PBXContainerItemProxy */ = {
			isa = PBXContainerItemProxy;
			containerPortal = 78C398B01ACF4ADC00677621 /* RCTLinking.xcodeproj */;
			proxyType = 2;
			remoteGlobalIDString = 134814201AA4EA6300B7C361;
			remoteInfo = RCTLinking;
		};
		832341B41AAA6A8300B99B32 /* PBXContainerItemProxy */ = {
			isa = PBXContainerItemProxy;
			containerPortal = 832341B01AAA6A8300B99B32 /* RCTText.xcodeproj */;
			proxyType = 2;
			remoteGlobalIDString = 58B5119B1A9E6C1200147676;
			remoteInfo = RCTText;
		};
		AA2B73811CDFEA3B00960C56 /* PBXContainerItemProxy */ = {
			isa = PBXContainerItemProxy;
			containerPortal = AA2B737C1CDFEA3B00960C56 /* RCTToggle.xcodeproj */;
			proxyType = 2;
			remoteGlobalIDString = 101789301B283EE1006C41B8;
			remoteInfo = RCTToggle;
		};
		AA2B73831CDFEA3B00960C56 /* PBXContainerItemProxy */ = {
			isa = PBXContainerItemProxy;
			containerPortal = AA2B737C1CDFEA3B00960C56 /* RCTToggle.xcodeproj */;
			proxyType = 2;
			remoteGlobalIDString = 1017893B1B283EE1006C41B8;
			remoteInfo = RCTToggleTests;
		};
/* End PBXContainerItemProxy section */

/* Begin PBXFileReference section */
		008F07F21AC5B25A0029DE68 /* main.jsbundle */ = {isa = PBXFileReference; fileEncoding = 4; lastKnownFileType = text; path = main.jsbundle; sourceTree = "<group>"; };
		00C302A71ABCB8CE00DB3ED1 /* RCTActionSheet.xcodeproj */ = {isa = PBXFileReference; lastKnownFileType = "wrapper.pb-project"; name = RCTActionSheet.xcodeproj; path = "../node_modules/react-native/Libraries/ActionSheetIOS/RCTActionSheet.xcodeproj"; sourceTree = "<group>"; };
		00C302B51ABCB90400DB3ED1 /* RCTGeolocation.xcodeproj */ = {isa = PBXFileReference; lastKnownFileType = "wrapper.pb-project"; name = RCTGeolocation.xcodeproj; path = "../node_modules/react-native/Libraries/Geolocation/RCTGeolocation.xcodeproj"; sourceTree = "<group>"; };
		00C302BB1ABCB91800DB3ED1 /* RCTImage.xcodeproj */ = {isa = PBXFileReference; lastKnownFileType = "wrapper.pb-project"; name = RCTImage.xcodeproj; path = "../node_modules/react-native/Libraries/Image/RCTImage.xcodeproj"; sourceTree = "<group>"; };
		00C302D31ABCB9D200DB3ED1 /* RCTNetwork.xcodeproj */ = {isa = PBXFileReference; lastKnownFileType = "wrapper.pb-project"; name = RCTNetwork.xcodeproj; path = "../node_modules/react-native/Libraries/Network/RCTNetwork.xcodeproj"; sourceTree = "<group>"; };
		00C302DF1ABCB9EE00DB3ED1 /* RCTVibration.xcodeproj */ = {isa = PBXFileReference; lastKnownFileType = "wrapper.pb-project"; name = RCTVibration.xcodeproj; path = "../node_modules/react-native/Libraries/Vibration/RCTVibration.xcodeproj"; sourceTree = "<group>"; };
		00E356EE1AD99517003FC87E /* AlwaysAroundTests.xctest */ = {isa = PBXFileReference; explicitFileType = wrapper.cfbundle; includeInIndex = 0; path = AlwaysAroundTests.xctest; sourceTree = BUILT_PRODUCTS_DIR; };
		00E356F11AD99517003FC87E /* Info.plist */ = {isa = PBXFileReference; lastKnownFileType = text.plist.xml; path = Info.plist; sourceTree = "<group>"; };
		00E356F21AD99517003FC87E /* AlwaysAroundTests.m */ = {isa = PBXFileReference; lastKnownFileType = sourcecode.c.objc; path = AlwaysAroundTests.m; sourceTree = "<group>"; };
		139105B61AF99BAD00B5F7CC /* RCTSettings.xcodeproj */ = {isa = PBXFileReference; lastKnownFileType = "wrapper.pb-project"; name = RCTSettings.xcodeproj; path = "../node_modules/react-native/Libraries/Settings/RCTSettings.xcodeproj"; sourceTree = "<group>"; };
		139FDEE61B06529A00C62182 /* RCTWebSocket.xcodeproj */ = {isa = PBXFileReference; lastKnownFileType = "wrapper.pb-project"; name = RCTWebSocket.xcodeproj; path = "../node_modules/react-native/Libraries/WebSocket/RCTWebSocket.xcodeproj"; sourceTree = "<group>"; };
		13B07F961A680F5B00A75B9A /* AlwaysAround.app */ = {isa = PBXFileReference; explicitFileType = wrapper.application; includeInIndex = 0; path = AlwaysAround.app; sourceTree = BUILT_PRODUCTS_DIR; };
		13B07FAF1A68108700A75B9A /* AppDelegate.h */ = {isa = PBXFileReference; fileEncoding = 4; lastKnownFileType = sourcecode.c.h; name = AppDelegate.h; path = AlwaysAround/AppDelegate.h; sourceTree = "<group>"; };
		13B07FB01A68108700A75B9A /* AppDelegate.m */ = {isa = PBXFileReference; fileEncoding = 4; lastKnownFileType = sourcecode.c.objc; name = AppDelegate.m; path = AlwaysAround/AppDelegate.m; sourceTree = "<group>"; };
		13B07FB21A68108700A75B9A /* Base */ = {isa = PBXFileReference; lastKnownFileType = file.xib; name = Base; path = Base.lproj/LaunchScreen.xib; sourceTree = "<group>"; };
		13B07FB61A68108700A75B9A /* Info.plist */ = {isa = PBXFileReference; fileEncoding = 4; lastKnownFileType = text.plist.xml; name = Info.plist; path = AlwaysAround/Info.plist; sourceTree = "<group>"; };
		13B07FB71A68108700A75B9A /* main.m */ = {isa = PBXFileReference; fileEncoding = 4; lastKnownFileType = sourcecode.c.objc; name = main.m; path = AlwaysAround/main.m; sourceTree = "<group>"; };
		146833FF1AC3E56700842450 /* React.xcodeproj */ = {isa = PBXFileReference; lastKnownFileType = "wrapper.pb-project"; name = React.xcodeproj; path = "../node_modules/react-native/React/React.xcodeproj"; sourceTree = "<group>"; };
		78C398B01ACF4ADC00677621 /* RCTLinking.xcodeproj */ = {isa = PBXFileReference; lastKnownFileType = "wrapper.pb-project"; name = RCTLinking.xcodeproj; path = "../node_modules/react-native/Libraries/LinkingIOS/RCTLinking.xcodeproj"; sourceTree = "<group>"; };
		832341B01AAA6A8300B99B32 /* RCTText.xcodeproj */ = {isa = PBXFileReference; lastKnownFileType = "wrapper.pb-project"; name = RCTText.xcodeproj; path = "../node_modules/react-native/Libraries/Text/RCTText.xcodeproj"; sourceTree = "<group>"; };
		AA1156E21CD80974006DD7CB /* address.png */ = {isa = PBXFileReference; lastKnownFileType = image.png; path = address.png; sourceTree = "<group>"; };
		AA1156E31CD80974006DD7CB /* address@2x.png */ = {isa = PBXFileReference; lastKnownFileType = image.png; path = "address@2x.png"; sourceTree = "<group>"; };
		AA1156E41CD80974006DD7CB /* address@3x.png */ = {isa = PBXFileReference; lastKnownFileType = image.png; path = "address@3x.png"; sourceTree = "<group>"; };
		AA1156F81CD80C8D006DD7CB /* Images.xcassets */ = {isa = PBXFileReference; lastKnownFileType = folder.assetcatalog; path = Images.xcassets; sourceTree = "<group>"; };
		AA1156FA1CD80CB8006DD7CB /* facebook.png */ = {isa = PBXFileReference; lastKnownFileType = image.png; path = facebook.png; sourceTree = "<group>"; };
		AA1156FB1CD80CB8006DD7CB /* facebook@2x.png */ = {isa = PBXFileReference; lastKnownFileType = image.png; path = "facebook@2x.png"; sourceTree = "<group>"; };
		AA1156FC1CD80CB8006DD7CB /* facebook@3x.png */ = {isa = PBXFileReference; lastKnownFileType = image.png; path = "facebook@3x.png"; sourceTree = "<group>"; };
		AA1157001CD81072006DD7CB /* z.png */ = {isa = PBXFileReference; lastKnownFileType = image.png; path = z.png; sourceTree = "<group>"; };
		AA1157011CD81072006DD7CB /* z@2x.png */ = {isa = PBXFileReference; lastKnownFileType = image.png; path = "z@2x.png"; sourceTree = "<group>"; };
		AA1157021CD81072006DD7CB /* z@3x.png */ = {isa = PBXFileReference; lastKnownFileType = image.png; path = "z@3x.png"; sourceTree = "<group>"; };
		AA2B737C1CDFEA3B00960C56 /* RCTToggle.xcodeproj */ = {isa = PBXFileReference; lastKnownFileType = "wrapper.pb-project"; name = RCTToggle.xcodeproj; path = "../node_modules/react-native-toggle/ios/RCTToggle.xcodeproj"; sourceTree = "<group>"; };
		AA2B73861CE00BDC00960C56 /* exsiting_user?.png */ = {isa = PBXFileReference; lastKnownFileType = image.png; name = "exsiting_user?.png"; path = "../../Dropbox/切图/register/exsiting_user?.png"; sourceTree = "<group>"; };
		AA2B73871CE00BDC00960C56 /* exsiting_user?@2x.png */ = {isa = PBXFileReference; lastKnownFileType = image.png; name = "exsiting_user?@2x.png"; path = "../../Dropbox/切图/register/exsiting_user?@2x.png"; sourceTree = "<group>"; };
		AA2B73881CE00BDC00960C56 /* exsiting_user?@3x.png */ = {isa = PBXFileReference; lastKnownFileType = image.png; name = "exsiting_user?@3x.png"; path = "../../Dropbox/切图/register/exsiting_user?@3x.png"; sourceTree = "<group>"; };
		AA2B738C1CE00E5E00960C56 /* first_name:@1x.png */ = {isa = PBXFileReference; lastKnownFileType = image.png; name = "first_name:@1x.png"; path = "../../Dropbox/切图/register/first_name:@1x.png"; sourceTree = "<group>"; };
		AA2B738D1CE00E5E00960C56 /* first_name:@2x.png */ = {isa = PBXFileReference; lastKnownFileType = image.png; name = "first_name:@2x.png"; path = "../../Dropbox/切图/register/first_name:@2x.png"; sourceTree = "<group>"; };
		AA2B738E1CE00E5E00960C56 /* first_name:@3x.png */ = {isa = PBXFileReference; lastKnownFileType = image.png; name = "first_name:@3x.png"; path = "../../Dropbox/切图/register/first_name:@3x.png"; sourceTree = "<group>"; };
		AA2B73921CE00FF500960C56 /* surname:@1x.png */ = {isa = PBXFileReference; lastKnownFileType = image.png; name = "surname:@1x.png"; path = "../../Dropbox/切图/register/surname:@1x.png"; sourceTree = "<group>"; };
		AA2B73931CE00FF500960C56 /* surname:@2x.png */ = {isa = PBXFileReference; lastKnownFileType = image.png; name = "surname:@2x.png"; path = "../../Dropbox/切图/register/surname:@2x.png"; sourceTree = "<group>"; };
		AA2B73941CE00FF500960C56 /* surname:@3x.png */ = {isa = PBXFileReference; lastKnownFileType = image.png; name = "surname:@3x.png"; path = "../../Dropbox/切图/register/surname:@3x.png"; sourceTree = "<group>"; };
		AA2B73981CE013FF00960C56 /* Phone_number:.png */ = {isa = PBXFileReference; lastKnownFileType = image.png; name = "Phone_number:.png"; path = "../../Dropbox/切图/register/Phone_number:.png"; sourceTree = "<group>"; };
		AA2B73991CE013FF00960C56 /* Phone_number:@2x.png */ = {isa = PBXFileReference; lastKnownFileType = image.png; name = "Phone_number:@2x.png"; path = "../../Dropbox/切图/register/Phone_number:@2x.png"; sourceTree = "<group>"; };
		AA2B739A1CE013FF00960C56 /* Phone_number:@3x.png */ = {isa = PBXFileReference; lastKnownFileType = image.png; name = "Phone_number:@3x.png"; path = "../../Dropbox/切图/register/Phone_number:@3x.png"; sourceTree = "<group>"; };
		AA2B739E1CE014FC00960C56 /* words.png */ = {isa = PBXFileReference; lastKnownFileType = image.png; name = words.png; path = "../../Dropbox/切图/register/words.png"; sourceTree = "<group>"; };
		AA2B739F1CE014FC00960C56 /* words@2x.png */ = {isa = PBXFileReference; lastKnownFileType = image.png; name = "words@2x.png"; path = "../../Dropbox/切图/register/words@2x.png"; sourceTree = "<group>"; };
		AA2B73A01CE014FC00960C56 /* words@3x.png */ = {isa = PBXFileReference; lastKnownFileType = image.png; name = "words@3x.png"; path = "../../Dropbox/切图/register/words@3x.png"; sourceTree = "<group>"; };
		AA40F28A1CD817250020CAC7 /* logo.png */ = {isa = PBXFileReference; lastKnownFileType = image.png; path = logo.png; sourceTree = "<group>"; };
		AA40F28B1CD817250020CAC7 /* logo@2x.png */ = {isa = PBXFileReference; lastKnownFileType = image.png; path = "logo@2x.png"; sourceTree = "<group>"; };
		AA40F28C1CD817250020CAC7 /* logo@3x.png */ = {isa = PBXFileReference; lastKnownFileType = image.png; path = "logo@3x.png"; sourceTree = "<group>"; };
		AA40F2901CD8179B0020CAC7 /* Line_new_user.png */ = {isa = PBXFileReference; lastKnownFileType = image.png; path = Line_new_user.png; sourceTree = "<group>"; };
		AA40F2911CD8179B0020CAC7 /* Line_new_user@2x.png */ = {isa = PBXFileReference; lastKnownFileType = image.png; path = "Line_new_user@2x.png"; sourceTree = "<group>"; };
		AA40F2921CD8179B0020CAC7 /* Line_new_user@3x.png */ = {isa = PBXFileReference; lastKnownFileType = image.png; path = "Line_new_user@3x.png"; sourceTree = "<group>"; };
		AA40F2961CD86B530020CAC7 /* BG@1x.png */ = {isa = PBXFileReference; lastKnownFileType = image.png; path = "BG@1x.png"; sourceTree = "<group>"; };
		AA40F2971CD86B530020CAC7 /* BG@2x.png */ = {isa = PBXFileReference; lastKnownFileType = image.png; path = "BG@2x.png"; sourceTree = "<group>"; };
		AA40F2981CD86B530020CAC7 /* BG@3x.png */ = {isa = PBXFileReference; lastKnownFileType = image.png; path = "BG@3x.png"; sourceTree = "<group>"; };
		AA40F29C1CD86DC50020CAC7 /* Email:@1x.png */ = {isa = PBXFileReference; lastKnownFileType = image.png; path = "Email:@1x.png"; sourceTree = "<group>"; };
		AA40F29D1CD86DC50020CAC7 /* Email:@2x.png */ = {isa = PBXFileReference; lastKnownFileType = image.png; path = "Email:@2x.png"; sourceTree = "<group>"; };
		AA40F29E1CD86DC50020CAC7 /* Email:@3x.png */ = {isa = PBXFileReference; lastKnownFileType = image.png; path = "Email:@3x.png"; sourceTree = "<group>"; };
		AA40F2A21CD8750B0020CAC7 /* Password:.png */ = {isa = PBXFileReference; lastKnownFileType = image.png; path = "Password:.png"; sourceTree = "<group>"; };
		AA40F2A31CD8750B0020CAC7 /* Password:@2x.png */ = {isa = PBXFileReference; lastKnownFileType = image.png; path = "Password:@2x.png"; sourceTree = "<group>"; };
		AA40F2A41CD8750B0020CAC7 /* Password:@3x.png */ = {isa = PBXFileReference; lastKnownFileType = image.png; path = "Password:@3x.png"; sourceTree = "<group>"; };
		AA40F2A81CD876BC0020CAC7 /* Page1.png */ = {isa = PBXFileReference; lastKnownFileType = image.png; path = Page1.png; sourceTree = "<group>"; };
		AA40F2A91CD876BC0020CAC7 /* Page1@2x.png */ = {isa = PBXFileReference; lastKnownFileType = image.png; path = "Page1@2x.png"; sourceTree = "<group>"; };
		AA40F2AA1CD876BC0020CAC7 /* Page1@3x.png */ = {isa = PBXFileReference; lastKnownFileType = image.png; path = "Page1@3x.png"; sourceTree = "<group>"; };
		AA40F2B41CD879160020CAC7 /* ForgotPassword.png */ = {isa = PBXFileReference; lastKnownFileType = image.png; path = ForgotPassword.png; sourceTree = "<group>"; };
		AA40F2B51CD879160020CAC7 /* ForgotPassword@2x.png */ = {isa = PBXFileReference; lastKnownFileType = image.png; path = "ForgotPassword@2x.png"; sourceTree = "<group>"; };
		AA40F2B61CD879160020CAC7 /* ForgotPassword@3x.png */ = {isa = PBXFileReference; lastKnownFileType = image.png; path = "ForgotPassword@3x.png"; sourceTree = "<group>"; };
		AA40F2BA1CD879920020CAC7 /* Lineforgotpassword.png */ = {isa = PBXFileReference; lastKnownFileType = image.png; path = Lineforgotpassword.png; sourceTree = "<group>"; };
		AA40F2BB1CD879920020CAC7 /* Lineforgotpassword@2x.png */ = {isa = PBXFileReference; lastKnownFileType = image.png; path = "Lineforgotpassword@2x.png"; sourceTree = "<group>"; };
		AA40F2BC1CD879920020CAC7 /* Lineforgotpassword@3x.png */ = {isa = PBXFileReference; lastKnownFileType = image.png; path = "Lineforgotpassword@3x.png"; sourceTree = "<group>"; };
		AAD0BF1B1CDD3C5C00D5739C /* continue@2x.png */ = {isa = PBXFileReference; lastKnownFileType = image.png; path = "continue@2x.png"; sourceTree = "<group>"; };
		AAD0BF1C1CDD3C5C00D5739C /* continue@3x.png */ = {isa = PBXFileReference; lastKnownFileType = image.png; path = "continue@3x.png"; sourceTree = "<group>"; };
		AAF715C81CE3B1B100E41D31 /* continue.png */ = {isa = PBXFileReference; lastKnownFileType = image.png; path = continue.png; sourceTree = "<group>"; };
/* End PBXFileReference section */

/* Begin PBXFrameworksBuildPhase section */
		00E356EB1AD99517003FC87E /* Frameworks */ = {
			isa = PBXFrameworksBuildPhase;
			buildActionMask = 2147483647;
			files = (
			);
			runOnlyForDeploymentPostprocessing = 0;
		};
		13B07F8C1A680F5B00A75B9A /* Frameworks */ = {
			isa = PBXFrameworksBuildPhase;
			buildActionMask = 2147483647;
			files = (
				AA2B73851CDFEA6300960C56 /* libRCTToggle.a in Frameworks */,
				146834051AC3E58100842450 /* libReact.a in Frameworks */,
				00C302E51ABCBA2D00DB3ED1 /* libRCTActionSheet.a in Frameworks */,
				00C302E71ABCBA2D00DB3ED1 /* libRCTGeolocation.a in Frameworks */,
				00C302E81ABCBA2D00DB3ED1 /* libRCTImage.a in Frameworks */,
				133E29F31AD74F7200F7D852 /* libRCTLinking.a in Frameworks */,
				00C302E91ABCBA2D00DB3ED1 /* libRCTNetwork.a in Frameworks */,
				139105C61AF99C1200B5F7CC /* libRCTSettings.a in Frameworks */,
				832341BD1AAA6AB300B99B32 /* libRCTText.a in Frameworks */,
				00C302EA1ABCBA2D00DB3ED1 /* libRCTVibration.a in Frameworks */,
				139FDEF61B0652A700C62182 /* libRCTWebSocket.a in Frameworks */,
			);
			runOnlyForDeploymentPostprocessing = 0;
		};
/* End PBXFrameworksBuildPhase section */

/* Begin PBXGroup section */
		00C302A81ABCB8CE00DB3ED1 /* Products */ = {
			isa = PBXGroup;
			children = (
				00C302AC1ABCB8CE00DB3ED1 /* libRCTActionSheet.a */,
			);
			name = Products;
			sourceTree = "<group>";
		};
		00C302B61ABCB90400DB3ED1 /* Products */ = {
			isa = PBXGroup;
			children = (
				00C302BA1ABCB90400DB3ED1 /* libRCTGeolocation.a */,
			);
			name = Products;
			sourceTree = "<group>";
		};
		00C302BC1ABCB91800DB3ED1 /* Products */ = {
			isa = PBXGroup;
			children = (
				00C302C01ABCB91800DB3ED1 /* libRCTImage.a */,
			);
			name = Products;
			sourceTree = "<group>";
		};
		00C302D41ABCB9D200DB3ED1 /* Products */ = {
			isa = PBXGroup;
			children = (
				00C302DC1ABCB9D200DB3ED1 /* libRCTNetwork.a */,
			);
			name = Products;
			sourceTree = "<group>";
		};
		00C302E01ABCB9EE00DB3ED1 /* Products */ = {
			isa = PBXGroup;
			children = (
				00C302E41ABCB9EE00DB3ED1 /* libRCTVibration.a */,
			);
			name = Products;
			sourceTree = "<group>";
		};
		00E356EF1AD99517003FC87E /* AlwaysAroundTests */ = {
			isa = PBXGroup;
			children = (
				00E356F21AD99517003FC87E /* AlwaysAroundTests.m */,
				00E356F01AD99517003FC87E /* Supporting Files */,
			);
			path = AlwaysAroundTests;
			sourceTree = "<group>";
		};
		00E356F01AD99517003FC87E /* Supporting Files */ = {
			isa = PBXGroup;
			children = (
				00E356F11AD99517003FC87E /* Info.plist */,
			);
			name = "Supporting Files";
			sourceTree = "<group>";
		};
		139105B71AF99BAD00B5F7CC /* Products */ = {
			isa = PBXGroup;
			children = (
				139105C11AF99BAD00B5F7CC /* libRCTSettings.a */,
			);
			name = Products;
			sourceTree = "<group>";
		};
		139FDEE71B06529A00C62182 /* Products */ = {
			isa = PBXGroup;
			children = (
				139FDEF41B06529B00C62182 /* libRCTWebSocket.a */,
			);
			name = Products;
			sourceTree = "<group>";
		};
		13B07FAE1A68108700A75B9A /* AlwaysAround */ = {
			isa = PBXGroup;
			children = (
				008F07F21AC5B25A0029DE68 /* main.jsbundle */,
				13B07FAF1A68108700A75B9A /* AppDelegate.h */,
				13B07FB01A68108700A75B9A /* AppDelegate.m */,
				AA1156F81CD80C8D006DD7CB /* Images.xcassets */,
				AA2B739E1CE014FC00960C56 /* words.png */,
				AA2B739F1CE014FC00960C56 /* words@2x.png */,
				AA2B73A01CE014FC00960C56 /* words@3x.png */,
				AA2B73981CE013FF00960C56 /* Phone_number:.png */,
				AA2B73991CE013FF00960C56 /* Phone_number:@2x.png */,
				AA2B739A1CE013FF00960C56 /* Phone_number:@3x.png */,
				AA2B73921CE00FF500960C56 /* surname:@1x.png */,
				AA2B73931CE00FF500960C56 /* surname:@2x.png */,
				AA2B73941CE00FF500960C56 /* surname:@3x.png */,
				AA2B73861CE00BDC00960C56 /* exsiting_user?.png */,
				AA2B738C1CE00E5E00960C56 /* first_name:@1x.png */,
				AA2B738D1CE00E5E00960C56 /* first_name:@2x.png */,
				AA2B738E1CE00E5E00960C56 /* first_name:@3x.png */,
				AA2B73871CE00BDC00960C56 /* exsiting_user?@2x.png */,
				AA2B73881CE00BDC00960C56 /* exsiting_user?@3x.png */,
				AA40F2BA1CD879920020CAC7 /* Lineforgotpassword.png */,
				AA40F2BB1CD879920020CAC7 /* Lineforgotpassword@2x.png */,
				AA40F2BC1CD879920020CAC7 /* Lineforgotpassword@3x.png */,
				AA40F2A21CD8750B0020CAC7 /* Password:.png */,
				AA40F2A31CD8750B0020CAC7 /* Password:@2x.png */,
				AA40F2A41CD8750B0020CAC7 /* Password:@3x.png */,
				AA40F2B41CD879160020CAC7 /* ForgotPassword.png */,
				AA40F2B51CD879160020CAC7 /* ForgotPassword@2x.png */,
				AA40F2B61CD879160020CAC7 /* ForgotPassword@3x.png */,
				AAF715C81CE3B1B100E41D31 /* continue.png */,
				AAD0BF1B1CDD3C5C00D5739C /* continue@2x.png */,
				AAD0BF1C1CDD3C5C00D5739C /* continue@3x.png */,
				AA40F29C1CD86DC50020CAC7 /* Email:@1x.png */,
				AA40F29D1CD86DC50020CAC7 /* Email:@2x.png */,
				AA40F29E1CD86DC50020CAC7 /* Email:@3x.png */,
				AA40F2961CD86B530020CAC7 /* BG@1x.png */,
				AA40F2971CD86B530020CAC7 /* BG@2x.png */,
				AA40F2981CD86B530020CAC7 /* BG@3x.png */,
				AA40F2A81CD876BC0020CAC7 /* Page1.png */,
				AA40F2A91CD876BC0020CAC7 /* Page1@2x.png */,
				AA40F2AA1CD876BC0020CAC7 /* Page1@3x.png */,
				AA40F28A1CD817250020CAC7 /* logo.png */,
				AA40F28B1CD817250020CAC7 /* logo@2x.png */,
				AA40F28C1CD817250020CAC7 /* logo@3x.png */,
				AA40F2901CD8179B0020CAC7 /* Line_new_user.png */,
				AA40F2911CD8179B0020CAC7 /* Line_new_user@2x.png */,
				AA40F2921CD8179B0020CAC7 /* Line_new_user@3x.png */,
				AA1157001CD81072006DD7CB /* z.png */,
				AA1157011CD81072006DD7CB /* z@2x.png */,
				AA1157021CD81072006DD7CB /* z@3x.png */,
				AA1156FA1CD80CB8006DD7CB /* facebook.png */,
				AA1156FB1CD80CB8006DD7CB /* facebook@2x.png */,
				AA1156FC1CD80CB8006DD7CB /* facebook@3x.png */,
				AA1156E21CD80974006DD7CB /* address.png */,
				AA1156E31CD80974006DD7CB /* address@2x.png */,
				AA1156E41CD80974006DD7CB /* address@3x.png */,
				13B07FB61A68108700A75B9A /* Info.plist */,
				13B07FB11A68108700A75B9A /* LaunchScreen.xib */,
				13B07FB71A68108700A75B9A /* main.m */,
			);
			name = AlwaysAround;
			sourceTree = "<group>";
		};
		146834001AC3E56700842450 /* Products */ = {
			isa = PBXGroup;
			children = (
				146834041AC3E56700842450 /* libReact.a */,
			);
			name = Products;
			sourceTree = "<group>";
		};
		78C398B11ACF4ADC00677621 /* Products */ = {
			isa = PBXGroup;
			children = (
				78C398B91ACF4ADC00677621 /* libRCTLinking.a */,
			);
			name = Products;
			sourceTree = "<group>";
		};
		832341AE1AAA6A7D00B99B32 /* Libraries */ = {
			isa = PBXGroup;
			children = (
				AA2B737C1CDFEA3B00960C56 /* RCTToggle.xcodeproj */,
				146833FF1AC3E56700842450 /* React.xcodeproj */,
				00C302A71ABCB8CE00DB3ED1 /* RCTActionSheet.xcodeproj */,
				00C302B51ABCB90400DB3ED1 /* RCTGeolocation.xcodeproj */,
				00C302BB1ABCB91800DB3ED1 /* RCTImage.xcodeproj */,
				78C398B01ACF4ADC00677621 /* RCTLinking.xcodeproj */,
				00C302D31ABCB9D200DB3ED1 /* RCTNetwork.xcodeproj */,
				139105B61AF99BAD00B5F7CC /* RCTSettings.xcodeproj */,
				832341B01AAA6A8300B99B32 /* RCTText.xcodeproj */,
				00C302DF1ABCB9EE00DB3ED1 /* RCTVibration.xcodeproj */,
				139FDEE61B06529A00C62182 /* RCTWebSocket.xcodeproj */,
			);
			name = Libraries;
			sourceTree = "<group>";
		};
		832341B11AAA6A8300B99B32 /* Products */ = {
			isa = PBXGroup;
			children = (
				832341B51AAA6A8300B99B32 /* libRCTText.a */,
			);
			name = Products;
			sourceTree = "<group>";
		};
		83CBB9F61A601CBA00E9B192 = {
			isa = PBXGroup;
			children = (
				13B07FAE1A68108700A75B9A /* AlwaysAround */,
				832341AE1AAA6A7D00B99B32 /* Libraries */,
				00E356EF1AD99517003FC87E /* AlwaysAroundTests */,
				83CBBA001A601CBA00E9B192 /* Products */,
			);
			indentWidth = 2;
			sourceTree = "<group>";
			tabWidth = 2;
		};
		83CBBA001A601CBA00E9B192 /* Products */ = {
			isa = PBXGroup;
			children = (
				13B07F961A680F5B00A75B9A /* AlwaysAround.app */,
				00E356EE1AD99517003FC87E /* AlwaysAroundTests.xctest */,
			);
			name = Products;
			sourceTree = "<group>";
		};
		AA2B737D1CDFEA3B00960C56 /* Products */ = {
			isa = PBXGroup;
			children = (
				AA2B73821CDFEA3B00960C56 /* libRCTToggle.a */,
				AA2B73841CDFEA3B00960C56 /* RCTToggleTests.xctest */,
			);
			name = Products;
			sourceTree = "<group>";
		};
/* End PBXGroup section */

/* Begin PBXNativeTarget section */
		00E356ED1AD99517003FC87E /* AlwaysAroundTests */ = {
			isa = PBXNativeTarget;
			buildConfigurationList = 00E357021AD99517003FC87E /* Build configuration list for PBXNativeTarget "AlwaysAroundTests" */;
			buildPhases = (
				00E356EA1AD99517003FC87E /* Sources */,
				00E356EB1AD99517003FC87E /* Frameworks */,
				00E356EC1AD99517003FC87E /* Resources */,
			);
			buildRules = (
			);
			dependencies = (
				00E356F51AD99517003FC87E /* PBXTargetDependency */,
			);
			name = AlwaysAroundTests;
			productName = AlwaysAroundTests;
			productReference = 00E356EE1AD99517003FC87E /* AlwaysAroundTests.xctest */;
			productType = "com.apple.product-type.bundle.unit-test";
		};
		13B07F861A680F5B00A75B9A /* AlwaysAround */ = {
			isa = PBXNativeTarget;
			buildConfigurationList = 13B07F931A680F5B00A75B9A /* Build configuration list for PBXNativeTarget "AlwaysAround" */;
			buildPhases = (
				13B07F871A680F5B00A75B9A /* Sources */,
				13B07F8C1A680F5B00A75B9A /* Frameworks */,
				13B07F8E1A680F5B00A75B9A /* Resources */,
				00DD1BFF1BD5951E006B06BC /* Bundle React Native code and images */,
			);
			buildRules = (
			);
			dependencies = (
			);
			name = AlwaysAround;
			productName = "Hello World";
			productReference = 13B07F961A680F5B00A75B9A /* AlwaysAround.app */;
			productType = "com.apple.product-type.application";
		};
/* End PBXNativeTarget section */

/* Begin PBXProject section */
		83CBB9F71A601CBA00E9B192 /* Project object */ = {
			isa = PBXProject;
			attributes = {
				LastUpgradeCheck = 0730;
				ORGANIZATIONNAME = Facebook;
				TargetAttributes = {
					00E356ED1AD99517003FC87E = {
						CreatedOnToolsVersion = 6.2;
						TestTargetID = 13B07F861A680F5B00A75B9A;
					};
					13B07F861A680F5B00A75B9A = {
						DevelopmentTeam = XKS85Z74K7;
					};
				};
			};
			buildConfigurationList = 83CBB9FA1A601CBA00E9B192 /* Build configuration list for PBXProject "AlwaysAround" */;
			compatibilityVersion = "Xcode 3.2";
			developmentRegion = English;
			hasScannedForEncodings = 0;
			knownRegions = (
				en,
				Base,
			);
			mainGroup = 83CBB9F61A601CBA00E9B192;
			productRefGroup = 83CBBA001A601CBA00E9B192 /* Products */;
			projectDirPath = "";
			projectReferences = (
				{
					ProductGroup = 00C302A81ABCB8CE00DB3ED1 /* Products */;
					ProjectRef = 00C302A71ABCB8CE00DB3ED1 /* RCTActionSheet.xcodeproj */;
				},
				{
					ProductGroup = 00C302B61ABCB90400DB3ED1 /* Products */;
					ProjectRef = 00C302B51ABCB90400DB3ED1 /* RCTGeolocation.xcodeproj */;
				},
				{
					ProductGroup = 00C302BC1ABCB91800DB3ED1 /* Products */;
					ProjectRef = 00C302BB1ABCB91800DB3ED1 /* RCTImage.xcodeproj */;
				},
				{
					ProductGroup = 78C398B11ACF4ADC00677621 /* Products */;
					ProjectRef = 78C398B01ACF4ADC00677621 /* RCTLinking.xcodeproj */;
				},
				{
					ProductGroup = 00C302D41ABCB9D200DB3ED1 /* Products */;
					ProjectRef = 00C302D31ABCB9D200DB3ED1 /* RCTNetwork.xcodeproj */;
				},
				{
					ProductGroup = 139105B71AF99BAD00B5F7CC /* Products */;
					ProjectRef = 139105B61AF99BAD00B5F7CC /* RCTSettings.xcodeproj */;
				},
				{
					ProductGroup = 832341B11AAA6A8300B99B32 /* Products */;
					ProjectRef = 832341B01AAA6A8300B99B32 /* RCTText.xcodeproj */;
				},
				{
					ProductGroup = AA2B737D1CDFEA3B00960C56 /* Products */;
					ProjectRef = AA2B737C1CDFEA3B00960C56 /* RCTToggle.xcodeproj */;
				},
				{
					ProductGroup = 00C302E01ABCB9EE00DB3ED1 /* Products */;
					ProjectRef = 00C302DF1ABCB9EE00DB3ED1 /* RCTVibration.xcodeproj */;
				},
				{
					ProductGroup = 139FDEE71B06529A00C62182 /* Products */;
					ProjectRef = 139FDEE61B06529A00C62182 /* RCTWebSocket.xcodeproj */;
				},
				{
					ProductGroup = 146834001AC3E56700842450 /* Products */;
					ProjectRef = 146833FF1AC3E56700842450 /* React.xcodeproj */;
				},
			);
			projectRoot = "";
			targets = (
				13B07F861A680F5B00A75B9A /* AlwaysAround */,
				00E356ED1AD99517003FC87E /* AlwaysAroundTests */,
			);
		};
/* End PBXProject section */

/* Begin PBXReferenceProxy section */
		00C302AC1ABCB8CE00DB3ED1 /* libRCTActionSheet.a */ = {
			isa = PBXReferenceProxy;
			fileType = archive.ar;
			path = libRCTActionSheet.a;
			remoteRef = 00C302AB1ABCB8CE00DB3ED1 /* PBXContainerItemProxy */;
			sourceTree = BUILT_PRODUCTS_DIR;
		};
		00C302BA1ABCB90400DB3ED1 /* libRCTGeolocation.a */ = {
			isa = PBXReferenceProxy;
			fileType = archive.ar;
			path = libRCTGeolocation.a;
			remoteRef = 00C302B91ABCB90400DB3ED1 /* PBXContainerItemProxy */;
			sourceTree = BUILT_PRODUCTS_DIR;
		};
		00C302C01ABCB91800DB3ED1 /* libRCTImage.a */ = {
			isa = PBXReferenceProxy;
			fileType = archive.ar;
			path = libRCTImage.a;
			remoteRef = 00C302BF1ABCB91800DB3ED1 /* PBXContainerItemProxy */;
			sourceTree = BUILT_PRODUCTS_DIR;
		};
		00C302DC1ABCB9D200DB3ED1 /* libRCTNetwork.a */ = {
			isa = PBXReferenceProxy;
			fileType = archive.ar;
			path = libRCTNetwork.a;
			remoteRef = 00C302DB1ABCB9D200DB3ED1 /* PBXContainerItemProxy */;
			sourceTree = BUILT_PRODUCTS_DIR;
		};
		00C302E41ABCB9EE00DB3ED1 /* libRCTVibration.a */ = {
			isa = PBXReferenceProxy;
			fileType = archive.ar;
			path = libRCTVibration.a;
			remoteRef = 00C302E31ABCB9EE00DB3ED1 /* PBXContainerItemProxy */;
			sourceTree = BUILT_PRODUCTS_DIR;
		};
		139105C11AF99BAD00B5F7CC /* libRCTSettings.a */ = {
			isa = PBXReferenceProxy;
			fileType = archive.ar;
			path = libRCTSettings.a;
			remoteRef = 139105C01AF99BAD00B5F7CC /* PBXContainerItemProxy */;
			sourceTree = BUILT_PRODUCTS_DIR;
		};
		139FDEF41B06529B00C62182 /* libRCTWebSocket.a */ = {
			isa = PBXReferenceProxy;
			fileType = archive.ar;
			path = libRCTWebSocket.a;
			remoteRef = 139FDEF31B06529B00C62182 /* PBXContainerItemProxy */;
			sourceTree = BUILT_PRODUCTS_DIR;
		};
		146834041AC3E56700842450 /* libReact.a */ = {
			isa = PBXReferenceProxy;
			fileType = archive.ar;
			path = libReact.a;
			remoteRef = 146834031AC3E56700842450 /* PBXContainerItemProxy */;
			sourceTree = BUILT_PRODUCTS_DIR;
		};
		78C398B91ACF4ADC00677621 /* libRCTLinking.a */ = {
			isa = PBXReferenceProxy;
			fileType = archive.ar;
			path = libRCTLinking.a;
			remoteRef = 78C398B81ACF4ADC00677621 /* PBXContainerItemProxy */;
			sourceTree = BUILT_PRODUCTS_DIR;
		};
		832341B51AAA6A8300B99B32 /* libRCTText.a */ = {
			isa = PBXReferenceProxy;
			fileType = archive.ar;
			path = libRCTText.a;
			remoteRef = 832341B41AAA6A8300B99B32 /* PBXContainerItemProxy */;
			sourceTree = BUILT_PRODUCTS_DIR;
		};
		AA2B73821CDFEA3B00960C56 /* libRCTToggle.a */ = {
			isa = PBXReferenceProxy;
			fileType = archive.ar;
			path = libRCTToggle.a;
			remoteRef = AA2B73811CDFEA3B00960C56 /* PBXContainerItemProxy */;
			sourceTree = BUILT_PRODUCTS_DIR;
		};
		AA2B73841CDFEA3B00960C56 /* RCTToggleTests.xctest */ = {
			isa = PBXReferenceProxy;
			fileType = wrapper.cfbundle;
			path = RCTToggleTests.xctest;
			remoteRef = AA2B73831CDFEA3B00960C56 /* PBXContainerItemProxy */;
			sourceTree = BUILT_PRODUCTS_DIR;
		};
/* End PBXReferenceProxy section */

/* Begin PBXResourcesBuildPhase section */
		00E356EC1AD99517003FC87E /* Resources */ = {
			isa = PBXResourcesBuildPhase;
			buildActionMask = 2147483647;
			files = (
			);
			runOnlyForDeploymentPostprocessing = 0;
		};
		13B07F8E1A680F5B00A75B9A /* Resources */ = {
			isa = PBXResourcesBuildPhase;
			buildActionMask = 2147483647;
			files = (
				AA2B73A21CE014FC00960C56 /* words@2x.png in Resources */,
				AA40F28F1CD817250020CAC7 /* logo@3x.png in Resources */,
				AA2B73901CE00E5E00960C56 /* first_name:@2x.png in Resources */,
				AA40F2A01CD86DC50020CAC7 /* Email:@2x.png in Resources */,
				AA40F28E1CD817250020CAC7 /* logo@2x.png in Resources */,
				AA2B73951CE00FF500960C56 /* surname:@1x.png in Resources */,
				AA2B73891CE00BDC00960C56 /* exsiting_user?.png in Resources */,
				AA40F2A51CD8750B0020CAC7 /* Password:.png in Resources */,
				AA1156FF1CD80CB8006DD7CB /* facebook@3x.png in Resources */,
				AA40F29A1CD86B530020CAC7 /* BG@2x.png in Resources */,
				AA40F2A61CD8750B0020CAC7 /* Password:@2x.png in Resources */,
				AA40F2B71CD879160020CAC7 /* ForgotPassword.png in Resources */,
				AA40F2BF1CD879920020CAC7 /* Lineforgotpassword@3x.png in Resources */,
				AA40F2BD1CD879920020CAC7 /* Lineforgotpassword.png in Resources */,
				AA1156E51CD80974006DD7CB /* address.png in Resources */,
				AA40F2BE1CD879920020CAC7 /* Lineforgotpassword@2x.png in Resources */,
				AA2B73911CE00E5E00960C56 /* first_name:@3x.png in Resources */,
				AA40F2951CD8179B0020CAC7 /* Line_new_user@3x.png in Resources */,
				AA2B73A31CE014FC00960C56 /* words@3x.png in Resources */,
				AA40F29B1CD86B530020CAC7 /* BG@3x.png in Resources */,
				AA40F2AD1CD876BC0020CAC7 /* Page1@3x.png in Resources */,
				AA40F2991CD86B530020CAC7 /* BG@1x.png in Resources */,
				AA1156E71CD80974006DD7CB /* address@3x.png in Resources */,
				AA2B738F1CE00E5E00960C56 /* first_name:@1x.png in Resources */,
				AA40F2AB1CD876BC0020CAC7 /* Page1.png in Resources */,
				AA1157031CD81072006DD7CB /* z.png in Resources */,
				AA40F2A71CD8750B0020CAC7 /* Password:@3x.png in Resources */,
				AA1156E61CD80974006DD7CB /* address@2x.png in Resources */,
				AA40F29F1CD86DC50020CAC7 /* Email:@1x.png in Resources */,
				AA1156FE1CD80CB8006DD7CB /* facebook@2x.png in Resources */,
				AAD0BF1E1CDD3C5C00D5739C /* continue@2x.png in Resources */,
				AA40F2931CD8179B0020CAC7 /* Line_new_user.png in Resources */,
				AA2B738A1CE00BDC00960C56 /* exsiting_user?@2x.png in Resources */,
				AAF715C91CE3B1B100E41D31 /* continue.png in Resources */,
				AA2B73971CE00FF500960C56 /* surname:@3x.png in Resources */,
				AA2B739B1CE013FF00960C56 /* Phone_number:.png in Resources */,
				AA40F2941CD8179B0020CAC7 /* Line_new_user@2x.png in Resources */,
				AA40F28D1CD817250020CAC7 /* logo.png in Resources */,
				AA40F2B91CD879160020CAC7 /* ForgotPassword@3x.png in Resources */,
				AA2B739D1CE013FF00960C56 /* Phone_number:@3x.png in Resources */,
				AA1156FD1CD80CB8006DD7CB /* facebook.png in Resources */,
				AAD0BF1F1CDD3C5C00D5739C /* continue@3x.png in Resources */,
				AA2B73961CE00FF500960C56 /* surname:@2x.png in Resources */,
				AA1157041CD81072006DD7CB /* z@2x.png in Resources */,
				AA40F2B81CD879160020CAC7 /* ForgotPassword@2x.png in Resources */,
				AA40F2AC1CD876BC0020CAC7 /* Page1@2x.png in Resources */,
				AA40F2A11CD86DC50020CAC7 /* Email:@3x.png in Resources */,
				AA1156F91CD80C8D006DD7CB /* Images.xcassets in Resources */,
				AA2B73A11CE014FC00960C56 /* words.png in Resources */,
				AA1157051CD81072006DD7CB /* z@3x.png in Resources */,
				AA2B739C1CE013FF00960C56 /* Phone_number:@2x.png in Resources */,
				13B07FBD1A68108700A75B9A /* LaunchScreen.xib in Resources */,
				AA2B738B1CE00BDC00960C56 /* exsiting_user?@3x.png in Resources */,
			);
			runOnlyForDeploymentPostprocessing = 0;
		};
/* End PBXResourcesBuildPhase section */

/* Begin PBXShellScriptBuildPhase section */
		00DD1BFF1BD5951E006B06BC /* Bundle React Native code and images */ = {
			isa = PBXShellScriptBuildPhase;
			buildActionMask = 8;
			files = (
			);
			inputPaths = (
			);
			name = "Bundle React Native code and images";
			outputPaths = (
			);
			runOnlyForDeploymentPostprocessing = 1;
			shellPath = /bin/sh;
			shellScript = "export NODE_BINARY=node\n../node_modules/react-native/packager/react-native-xcode.sh";
		};
/* End PBXShellScriptBuildPhase section */

/* Begin PBXSourcesBuildPhase section */
		00E356EA1AD99517003FC87E /* Sources */ = {
			isa = PBXSourcesBuildPhase;
			buildActionMask = 2147483647;
			files = (
				00E356F31AD99517003FC87E /* AlwaysAroundTests.m in Sources */,
			);
			runOnlyForDeploymentPostprocessing = 0;
		};
		13B07F871A680F5B00A75B9A /* Sources */ = {
			isa = PBXSourcesBuildPhase;
			buildActionMask = 2147483647;
			files = (
				13B07FBC1A68108700A75B9A /* AppDelegate.m in Sources */,
				13B07FC11A68108700A75B9A /* main.m in Sources */,
			);
			runOnlyForDeploymentPostprocessing = 0;
		};
/* End PBXSourcesBuildPhase section */

/* Begin PBXTargetDependency section */
		00E356F51AD99517003FC87E /* PBXTargetDependency */ = {
			isa = PBXTargetDependency;
			target = 13B07F861A680F5B00A75B9A /* AlwaysAround */;
			targetProxy = 00E356F41AD99517003FC87E /* PBXContainerItemProxy */;
		};
/* End PBXTargetDependency section */

/* Begin PBXVariantGroup section */
		13B07FB11A68108700A75B9A /* LaunchScreen.xib */ = {
			isa = PBXVariantGroup;
			children = (
				13B07FB21A68108700A75B9A /* Base */,
			);
			name = LaunchScreen.xib;
			path = AlwaysAround;
			sourceTree = "<group>";
		};
/* End PBXVariantGroup section */

/* Begin XCBuildConfiguration section */
		00E356F61AD99517003FC87E /* Debug */ = {
			isa = XCBuildConfiguration;
			buildSettings = {
				BUNDLE_LOADER = "$(TEST_HOST)";
				FRAMEWORK_SEARCH_PATHS = (
					"$(SDKROOT)/Developer/Library/Frameworks",
					"$(inherited)",
				);
				GCC_PREPROCESSOR_DEFINITIONS = (
					"DEBUG=1",
					"$(inherited)",
				);
				INFOPLIST_FILE = AlwaysAroundTests/Info.plist;
				IPHONEOS_DEPLOYMENT_TARGET = 8.2;
				LD_RUNPATH_SEARCH_PATHS = "$(inherited) @executable_path/Frameworks @loader_path/Frameworks";
				PRODUCT_BUNDLE_IDENTIFIER = "org.reactjs.native.example.$(PRODUCT_NAME:rfc1034identifier)";
				PRODUCT_NAME = "$(TARGET_NAME)";
				TEST_HOST = "$(BUILT_PRODUCTS_DIR)/AlwaysAround.app/AlwaysAround";
			};
			name = Debug;
		};
		00E356F71AD99517003FC87E /* Release */ = {
			isa = XCBuildConfiguration;
			buildSettings = {
				BUNDLE_LOADER = "$(TEST_HOST)";
				COPY_PHASE_STRIP = NO;
				FRAMEWORK_SEARCH_PATHS = (
					"$(SDKROOT)/Developer/Library/Frameworks",
					"$(inherited)",
				);
				INFOPLIST_FILE = AlwaysAroundTests/Info.plist;
				IPHONEOS_DEPLOYMENT_TARGET = 8.2;
				LD_RUNPATH_SEARCH_PATHS = "$(inherited) @executable_path/Frameworks @loader_path/Frameworks";
				PRODUCT_BUNDLE_IDENTIFIER = "org.reactjs.native.example.$(PRODUCT_NAME:rfc1034identifier)";
				PRODUCT_NAME = "$(TARGET_NAME)";
				TEST_HOST = "$(BUILT_PRODUCTS_DIR)/AlwaysAround.app/AlwaysAround";
			};
			name = Release;
		};
		13B07F941A680F5B00A75B9A /* Debug */ = {
			isa = XCBuildConfiguration;
			buildSettings = {
				ASSETCATALOG_COMPILER_APPICON_NAME = AppIcon;
				CODE_SIGN_IDENTITY = "iPhone Developer";
				DEAD_CODE_STRIPPING = NO;
				HEADER_SEARCH_PATHS = (
					"$(inherited)",
					/Applications/Xcode.app/Contents/Developer/Toolchains/XcodeDefault.xctoolchain/usr/include,
					"$(SRCROOT)/../node_modules/react-native/React/**",
					"$(SRCROOT)/../../react-native/React/**",
				);
				INFOPLIST_FILE = AlwaysAround/Info.plist;
				IPHONEOS_DEPLOYMENT_TARGET = 9.3;
				LD_RUNPATH_SEARCH_PATHS = "$(inherited) @executable_path/Frameworks";
				OTHER_LDFLAGS = "-ObjC";
				PRODUCT_BUNDLE_IDENTIFIER = "Yiran-Tao.AlwaysAround";
				PRODUCT_NAME = AlwaysAround;
			};
			name = Debug;
		};
		13B07F951A680F5B00A75B9A /* Release */ = {
			isa = XCBuildConfiguration;
			buildSettings = {
				ASSETCATALOG_COMPILER_APPICON_NAME = AppIcon;
				CODE_SIGN_IDENTITY = "iPhone Developer";
				HEADER_SEARCH_PATHS = (
					"$(inherited)",
					/Applications/Xcode.app/Contents/Developer/Toolchains/XcodeDefault.xctoolchain/usr/include,
					"$(SRCROOT)/../node_modules/react-native/React/**",
					"$(SRCROOT)/../../react-native/React/**",
				);
				INFOPLIST_FILE = AlwaysAround/Info.plist;
				IPHONEOS_DEPLOYMENT_TARGET = 9.3;
				LD_RUNPATH_SEARCH_PATHS = "$(inherited) @executable_path/Frameworks";
				OTHER_LDFLAGS = "-ObjC";
				PRODUCT_BUNDLE_IDENTIFIER = "Yiran-Tao.AlwaysAround";
				PRODUCT_NAME = AlwaysAround;
			};
			name = Release;
		};
		83CBBA201A601CBA00E9B192 /* Debug */ = {
			isa = XCBuildConfiguration;
			buildSettings = {
				ALWAYS_SEARCH_USER_PATHS = NO;
				CLANG_CXX_LANGUAGE_STANDARD = "gnu++0x";
				CLANG_CXX_LIBRARY = "libc++";
				CLANG_ENABLE_MODULES = YES;
				CLANG_ENABLE_OBJC_ARC = YES;
				CLANG_WARN_BOOL_CONVERSION = YES;
				CLANG_WARN_CONSTANT_CONVERSION = YES;
				CLANG_WARN_DIRECT_OBJC_ISA_USAGE = YES_ERROR;
				CLANG_WARN_EMPTY_BODY = YES;
				CLANG_WARN_ENUM_CONVERSION = YES;
				CLANG_WARN_INT_CONVERSION = YES;
				CLANG_WARN_OBJC_ROOT_CLASS = YES_ERROR;
				CLANG_WARN_UNREACHABLE_CODE = YES;
				CLANG_WARN__DUPLICATE_METHOD_MATCH = YES;
				"CODE_SIGN_IDENTITY[sdk=iphoneos*]" = "iPhone Developer";
				COPY_PHASE_STRIP = NO;
				ENABLE_STRICT_OBJC_MSGSEND = YES;
				ENABLE_TESTABILITY = YES;
				GCC_C_LANGUAGE_STANDARD = gnu99;
				GCC_DYNAMIC_NO_PIC = NO;
				GCC_OPTIMIZATION_LEVEL = 0;
				GCC_PREPROCESSOR_DEFINITIONS = (
					"DEBUG=1",
					"$(inherited)",
				);
				GCC_SYMBOLS_PRIVATE_EXTERN = NO;
				GCC_WARN_64_TO_32_BIT_CONVERSION = YES;
				GCC_WARN_ABOUT_RETURN_TYPE = YES_ERROR;
				GCC_WARN_UNDECLARED_SELECTOR = YES;
				GCC_WARN_UNINITIALIZED_AUTOS = YES_AGGRESSIVE;
				GCC_WARN_UNUSED_FUNCTION = YES;
				GCC_WARN_UNUSED_VARIABLE = YES;
				HEADER_SEARCH_PATHS = (
					"$(inherited)",
					/Applications/Xcode.app/Contents/Developer/Toolchains/XcodeDefault.xctoolchain/usr/include,
					"$(SRCROOT)/../node_modules/react-native/React/**",
				);
				IPHONEOS_DEPLOYMENT_TARGET = 7.0;
				MTL_ENABLE_DEBUG_INFO = YES;
				ONLY_ACTIVE_ARCH = YES;
				SDKROOT = iphoneos;
			};
			name = Debug;
		};
		83CBBA211A601CBA00E9B192 /* Release */ = {
			isa = XCBuildConfiguration;
			buildSettings = {
				ALWAYS_SEARCH_USER_PATHS = NO;
				CLANG_CXX_LANGUAGE_STANDARD = "gnu++0x";
				CLANG_CXX_LIBRARY = "libc++";
				CLANG_ENABLE_MODULES = YES;
				CLANG_ENABLE_OBJC_ARC = YES;
				CLANG_WARN_BOOL_CONVERSION = YES;
				CLANG_WARN_CONSTANT_CONVERSION = YES;
				CLANG_WARN_DIRECT_OBJC_ISA_USAGE = YES_ERROR;
				CLANG_WARN_EMPTY_BODY = YES;
				CLANG_WARN_ENUM_CONVERSION = YES;
				CLANG_WARN_INT_CONVERSION = YES;
				CLANG_WARN_OBJC_ROOT_CLASS = YES_ERROR;
				CLANG_WARN_UNREACHABLE_CODE = YES;
				CLANG_WARN__DUPLICATE_METHOD_MATCH = YES;
				"CODE_SIGN_IDENTITY[sdk=iphoneos*]" = "iPhone Developer";
				COPY_PHASE_STRIP = YES;
				ENABLE_NS_ASSERTIONS = NO;
				ENABLE_STRICT_OBJC_MSGSEND = YES;
				GCC_C_LANGUAGE_STANDARD = gnu99;
				GCC_WARN_64_TO_32_BIT_CONVERSION = YES;
				GCC_WARN_ABOUT_RETURN_TYPE = YES_ERROR;
				GCC_WARN_UNDECLARED_SELECTOR = YES;
				GCC_WARN_UNINITIALIZED_AUTOS = YES_AGGRESSIVE;
				GCC_WARN_UNUSED_FUNCTION = YES;
				GCC_WARN_UNUSED_VARIABLE = YES;
				HEADER_SEARCH_PATHS = (
					"$(inherited)",
					/Applications/Xcode.app/Contents/Developer/Toolchains/XcodeDefault.xctoolchain/usr/include,
					"$(SRCROOT)/../node_modules/react-native/React/**",
				);
				IPHONEOS_DEPLOYMENT_TARGET = 7.0;
				MTL_ENABLE_DEBUG_INFO = NO;
				SDKROOT = iphoneos;
				VALIDATE_PRODUCT = YES;
			};
			name = Release;
		};
/* End XCBuildConfiguration section */

/* Begin XCConfigurationList section */
		00E357021AD99517003FC87E /* Build configuration list for PBXNativeTarget "AlwaysAroundTests" */ = {
			isa = XCConfigurationList;
			buildConfigurations = (
				00E356F61AD99517003FC87E /* Debug */,
				00E356F71AD99517003FC87E /* Release */,
			);
			defaultConfigurationIsVisible = 0;
			defaultConfigurationName = Release;
		};
		13B07F931A680F5B00A75B9A /* Build configuration list for PBXNativeTarget "AlwaysAround" */ = {
			isa = XCConfigurationList;
			buildConfigurations = (
				13B07F941A680F5B00A75B9A /* Debug */,
				13B07F951A680F5B00A75B9A /* Release */,
			);
			defaultConfigurationIsVisible = 0;
			defaultConfigurationName = Release;
		};
		83CBB9FA1A601CBA00E9B192 /* Build configuration list for PBXProject "AlwaysAround" */ = {
			isa = XCConfigurationList;
			buildConfigurations = (
				83CBBA201A601CBA00E9B192 /* Debug */,
				83CBBA211A601CBA00E9B192 /* Release */,
			);
			defaultConfigurationIsVisible = 0;
			defaultConfigurationName = Release;
		};
/* End XCConfigurationList section */
	};
	rootObject = 83CBB9F71A601CBA00E9B192 /* Project object */;
}
