// !$*UTF8*$!
{
	archiveVersion = 1;
	classes = {
	};
	objectVersion = 46;
	objects = {

/* Begin PBXBuildFile section */
		00C302E51ABCBA2D00DB3ED1 /* libRCTActionSheet.a in Frameworks */ = {isa = PBXBuildFile; fileRef = 00C302AC1ABCB8CE00DB3ED1 /* libRCTActionSheet.a */; };
		00C302E71ABCBA2D00DB3ED1 /* libRCTGeolocation.a in Frameworks */ = {isa = PBXBuildFile; fileRef = 00C302BA1ABCB90400DB3ED1 /* libRCTGeolocation.a */; };
		00C302E81ABCBA2D00DB3ED1 /* libRCTImage.a in Frameworks */ = {isa = PBXBuildFile; fileRef = 00C302C01ABCB91800DB3ED1 /* libRCTImage.a */; };
		00C302E91ABCBA2D00DB3ED1 /* libRCTNetwork.a in Frameworks */ = {isa = PBXBuildFile; fileRef = 00C302DC1ABCB9D200DB3ED1 /* libRCTNetwork.a */; };
		00C302EA1ABCBA2D00DB3ED1 /* libRCTVibration.a in Frameworks */ = {isa = PBXBuildFile; fileRef = 00C302E41ABCB9EE00DB3ED1 /* libRCTVibration.a */; };
		00E356F31AD99517003FC87E /* AlwaysAroundTests.m in Sources */ = {isa = PBXBuildFile; fileRef = 00E356F21AD99517003FC87E /* AlwaysAroundTests.m */; };
		133E29F31AD74F7200F7D852 /* libRCTLinking.a in Frameworks */ = {isa = PBXBuildFile; fileRef = 78C398B91ACF4ADC00677621 /* libRCTLinking.a */; };
		139105C61AF99C1200B5F7CC /* libRCTSettings.a in Frameworks */ = {isa = PBXBuildFile; fileRef = 139105C11AF99BAD00B5F7CC /* libRCTSettings.a */; };
		139FDEF61B0652A700C62182 /* libRCTWebSocket.a in Frameworks */ = {isa = PBXBuildFile; fileRef = 139FDEF41B06529B00C62182 /* libRCTWebSocket.a */; };
		13B07FBC1A68108700A75B9A /* AppDelegate.m in Sources */ = {isa = PBXBuildFile; fileRef = 13B07FB01A68108700A75B9A /* AppDelegate.m */; };
		13B07FBD1A68108700A75B9A /* LaunchScreen.xib in Resources */ = {isa = PBXBuildFile; fileRef = 13B07FB11A68108700A75B9A /* LaunchScreen.xib */; };
		13B07FC11A68108700A75B9A /* main.m in Sources */ = {isa = PBXBuildFile; fileRef = 13B07FB71A68108700A75B9A /* main.m */; };
		146834051AC3E58100842450 /* libReact.a in Frameworks */ = {isa = PBXBuildFile; fileRef = 146834041AC3E56700842450 /* libReact.a */; };
		832341BD1AAA6AB300B99B32 /* libRCTText.a in Frameworks */ = {isa = PBXBuildFile; fileRef = 832341B51AAA6A8300B99B32 /* libRCTText.a */; };
		AA1156F91CD80C8D006DD7CB /* Images.xcassets in Resources */ = {isa = PBXBuildFile; fileRef = AA1156F81CD80C8D006DD7CB /* Images.xcassets */; };
		AA2B73851CDFEA6300960C56 /* libRCTToggle.a in Frameworks */ = {isa = PBXBuildFile; fileRef = AA2B73821CDFEA3B00960C56 /* libRCTToggle.a */; };
		AA40F28D1CD817250020CAC7 /* logo.png in Resources */ = {isa = PBXBuildFile; fileRef = AA40F28A1CD817250020CAC7 /* logo.png */; };
		AA40F28E1CD817250020CAC7 /* logo@2x.png in Resources */ = {isa = PBXBuildFile; fileRef = AA40F28B1CD817250020CAC7 /* logo@2x.png */; };
		AA40F28F1CD817250020CAC7 /* logo@3x.png in Resources */ = {isa = PBXBuildFile; fileRef = AA40F28C1CD817250020CAC7 /* logo@3x.png */; };
		AA40F2991CD86B530020CAC7 /* BG@1x.png in Resources */ = {isa = PBXBuildFile; fileRef = AA40F2961CD86B530020CAC7 /* BG@1x.png */; };
		AA40F29A1CD86B530020CAC7 /* BG@2x.png in Resources */ = {isa = PBXBuildFile; fileRef = AA40F2971CD86B530020CAC7 /* BG@2x.png */; };
		AA40F29B1CD86B530020CAC7 /* BG@3x.png in Resources */ = {isa = PBXBuildFile; fileRef = AA40F2981CD86B530020CAC7 /* BG@3x.png */; };
		AA40F2AB1CD876BC0020CAC7 /* Page1.png in Resources */ = {isa = PBXBuildFile; fileRef = AA40F2A81CD876BC0020CAC7 /* Page1.png */; };
		AA40F2AC1CD876BC0020CAC7 /* Page1@2x.png in Resources */ = {isa = PBXBuildFile; fileRef = AA40F2A91CD876BC0020CAC7 /* Page1@2x.png */; };
		AA40F2AD1CD876BC0020CAC7 /* Page1@3x.png in Resources */ = {isa = PBXBuildFile; fileRef = AA40F2AA1CD876BC0020CAC7 /* Page1@3x.png */; };
		AAAC127A1D058738006F62D6 /* README.md in Sources */ = {isa = PBXBuildFile; fileRef = AAAC12641D058738006F62D6 /* README.md */; };
		AAAC127B1D058738006F62D6 /* SanFranciscoDisplay-Black.otf in Resources */ = {isa = PBXBuildFile; fileRef = AAAC12651D058738006F62D6 /* SanFranciscoDisplay-Black.otf */; };
		AAAC127C1D058738006F62D6 /* SanFranciscoDisplay-Bold.otf in Resources */ = {isa = PBXBuildFile; fileRef = AAAC12661D058738006F62D6 /* SanFranciscoDisplay-Bold.otf */; };
		AAAC127D1D058738006F62D6 /* SanFranciscoDisplay-Heavy.otf in Resources */ = {isa = PBXBuildFile; fileRef = AAAC12671D058738006F62D6 /* SanFranciscoDisplay-Heavy.otf */; };
		AAAC127E1D058738006F62D6 /* SanFranciscoDisplay-Light.otf in Resources */ = {isa = PBXBuildFile; fileRef = AAAC12681D058738006F62D6 /* SanFranciscoDisplay-Light.otf */; };
		AAAC127F1D058738006F62D6 /* SanFranciscoDisplay-Medium.otf in Resources */ = {isa = PBXBuildFile; fileRef = AAAC12691D058738006F62D6 /* SanFranciscoDisplay-Medium.otf */; };
		AAAC12801D058738006F62D6 /* SanFranciscoDisplay-Regular.otf in Resources */ = {isa = PBXBuildFile; fileRef = AAAC126A1D058738006F62D6 /* SanFranciscoDisplay-Regular.otf */; };
		AAAC12811D058738006F62D6 /* SanFranciscoDisplay-Semibold.otf in Resources */ = {isa = PBXBuildFile; fileRef = AAAC126B1D058738006F62D6 /* SanFranciscoDisplay-Semibold.otf */; };
		AAAC12821D058738006F62D6 /* SanFranciscoDisplay-Thin.otf in Resources */ = {isa = PBXBuildFile; fileRef = AAAC126C1D058738006F62D6 /* SanFranciscoDisplay-Thin.otf */; };
		AAAC12831D058738006F62D6 /* SanFranciscoDisplay-Ultralight.otf in Resources */ = {isa = PBXBuildFile; fileRef = AAAC126D1D058738006F62D6 /* SanFranciscoDisplay-Ultralight.otf */; };
		AAAC129E1D0587A2006F62D6 /* SanFranciscoDisplay-Medium.otf in Resources */ = {isa = PBXBuildFile; fileRef = AAAC129D1D0587A2006F62D6 /* SanFranciscoDisplay-Medium.otf */; };
		AAAC12A21D059E92006F62D6 /* OR.png in Resources */ = {isa = PBXBuildFile; fileRef = AAAC129F1D059E92006F62D6 /* OR.png */; };
		AAAC12A31D059E92006F62D6 /* OR@2x.png in Resources */ = {isa = PBXBuildFile; fileRef = AAAC12A01D059E92006F62D6 /* OR@2x.png */; };
		AAAC12A41D059E92006F62D6 /* OR@3x.png in Resources */ = {isa = PBXBuildFile; fileRef = AAAC12A11D059E92006F62D6 /* OR@3x.png */; };
		AAAC12A81D05A399006F62D6 /* FACEBOOK.png in Resources */ = {isa = PBXBuildFile; fileRef = AAAC12A51D05A399006F62D6 /* FACEBOOK.png */; };
		AAAC12A91D05A399006F62D6 /* FACEBOOK@2x.png in Resources */ = {isa = PBXBuildFile; fileRef = AAAC12A61D05A399006F62D6 /* FACEBOOK@2x.png */; };
		AAAC12AA1D05A399006F62D6 /* FACEBOOK@3x.png in Resources */ = {isa = PBXBuildFile; fileRef = AAAC12A71D05A399006F62D6 /* FACEBOOK@3x.png */; };
		AAAC12AC1D05A6C9006F62D6 /* SanFranciscoDisplay-Regular.otf in Resources */ = {isa = PBXBuildFile; fileRef = AAAC12AB1D05A6C9006F62D6 /* SanFranciscoDisplay-Regular.otf */; };
		AAE244B51D0185EF00B265C3 /* BLANK_ICON@1x.png in Resources */ = {isa = PBXBuildFile; fileRef = AAE244AF1D0185EF00B265C3 /* BLANK_ICON@1x.png */; };
		AAE244B61D0185EF00B265C3 /* BLANK_ICON@2x.png in Resources */ = {isa = PBXBuildFile; fileRef = AAE244B01D0185EF00B265C3 /* BLANK_ICON@2x.png */; };
		AAE244B71D0185EF00B265C3 /* BLANK_ICON@3x.png in Resources */ = {isa = PBXBuildFile; fileRef = AAE244B11D0185EF00B265C3 /* BLANK_ICON@3x.png */; };
		AAE244B81D0185EF00B265C3 /* check@1x.png in Resources */ = {isa = PBXBuildFile; fileRef = AAE244B21D0185EF00B265C3 /* check@1x.png */; };
		AAE244B91D0185EF00B265C3 /* check@2x.png in Resources */ = {isa = PBXBuildFile; fileRef = AAE244B31D0185EF00B265C3 /* check@2x.png */; };
		AAE244BA1D0185EF00B265C3 /* check@3x.png in Resources */ = {isa = PBXBuildFile; fileRef = AAE244B41D0185EF00B265C3 /* check@3x.png */; };
		AAE8A2611CFF30F00098DF2C /* ban@1x.png in Resources */ = {isa = PBXBuildFile; fileRef = AAE8A2601CFF30F00098DF2C /* ban@1x.png */; };
		AAE8A2671CFF30FE0098DF2C /* ban@2x.png in Resources */ = {isa = PBXBuildFile; fileRef = AAE8A2621CFF30FE0098DF2C /* ban@2x.png */; };
		AAE8A2681CFF30FE0098DF2C /* ban@3x.png in Resources */ = {isa = PBXBuildFile; fileRef = AAE8A2631CFF30FE0098DF2C /* ban@3x.png */; };
		AAE8A2691CFF30FE0098DF2C /* pawIcon@1x.png in Resources */ = {isa = PBXBuildFile; fileRef = AAE8A2641CFF30FE0098DF2C /* pawIcon@1x.png */; };
		AAE8A26A1CFF30FE0098DF2C /* pawIcon@2x.png in Resources */ = {isa = PBXBuildFile; fileRef = AAE8A2651CFF30FE0098DF2C /* pawIcon@2x.png */; };
		AAE8A26B1CFF30FE0098DF2C /* pawIcon@3x.png in Resources */ = {isa = PBXBuildFile; fileRef = AAE8A2661CFF30FE0098DF2C /* pawIcon@3x.png */; };
		F5CF4569B5C74DB88E26A69D /* libRNVectorIcons.a in Frameworks */ = {isa = PBXBuildFile; fileRef = 81A00AA9806747118368CD8E /* libRNVectorIcons.a */; };
/* End PBXBuildFile section */

/* Begin PBXContainerItemProxy section */
		00C302AB1ABCB8CE00DB3ED1 /* PBXContainerItemProxy */ = {
			isa = PBXContainerItemProxy;
			containerPortal = 00C302A71ABCB8CE00DB3ED1 /* RCTActionSheet.xcodeproj */;
			proxyType = 2;
			remoteGlobalIDString = 134814201AA4EA6300B7C361;
			remoteInfo = RCTActionSheet;
		};
		00C302B91ABCB90400DB3ED1 /* PBXContainerItemProxy */ = {
			isa = PBXContainerItemProxy;
			containerPortal = 00C302B51ABCB90400DB3ED1 /* RCTGeolocation.xcodeproj */;
			proxyType = 2;
			remoteGlobalIDString = 134814201AA4EA6300B7C361;
			remoteInfo = RCTGeolocation;
		};
		00C302BF1ABCB91800DB3ED1 /* PBXContainerItemProxy */ = {
			isa = PBXContainerItemProxy;
			containerPortal = 00C302BB1ABCB91800DB3ED1 /* RCTImage.xcodeproj */;
			proxyType = 2;
			remoteGlobalIDString = 58B5115D1A9E6B3D00147676;
			remoteInfo = RCTImage;
		};
		00C302DB1ABCB9D200DB3ED1 /* PBXContainerItemProxy */ = {
			isa = PBXContainerItemProxy;
			containerPortal = 00C302D31ABCB9D200DB3ED1 /* RCTNetwork.xcodeproj */;
			proxyType = 2;
			remoteGlobalIDString = 58B511DB1A9E6C8500147676;
			remoteInfo = RCTNetwork;
		};
		00C302E31ABCB9EE00DB3ED1 /* PBXContainerItemProxy */ = {
			isa = PBXContainerItemProxy;
			containerPortal = 00C302DF1ABCB9EE00DB3ED1 /* RCTVibration.xcodeproj */;
			proxyType = 2;
			remoteGlobalIDString = 832C81801AAF6DEF007FA2F7;
			remoteInfo = RCTVibration;
		};
		00E356F41AD99517003FC87E /* PBXContainerItemProxy */ = {
			isa = PBXContainerItemProxy;
			containerPortal = 83CBB9F71A601CBA00E9B192 /* Project object */;
			proxyType = 1;
			remoteGlobalIDString = 13B07F861A680F5B00A75B9A;
			remoteInfo = AlwaysAround;
		};
		139105C01AF99BAD00B5F7CC /* PBXContainerItemProxy */ = {
			isa = PBXContainerItemProxy;
			containerPortal = 139105B61AF99BAD00B5F7CC /* RCTSettings.xcodeproj */;
			proxyType = 2;
			remoteGlobalIDString = 134814201AA4EA6300B7C361;
			remoteInfo = RCTSettings;
		};
		139FDEF31B06529B00C62182 /* PBXContainerItemProxy */ = {
			isa = PBXContainerItemProxy;
			containerPortal = 139FDEE61B06529A00C62182 /* RCTWebSocket.xcodeproj */;
			proxyType = 2;
			remoteGlobalIDString = 3C86DF461ADF2C930047B81A;
			remoteInfo = RCTWebSocket;
		};
		146834031AC3E56700842450 /* PBXContainerItemProxy */ = {
			isa = PBXContainerItemProxy;
			containerPortal = 146833FF1AC3E56700842450 /* React.xcodeproj */;
			proxyType = 2;
			remoteGlobalIDString = 83CBBA2E1A601D0E00E9B192;
			remoteInfo = React;
		};
		78C398B81ACF4ADC00677621 /* PBXContainerItemProxy */ = {
			isa = PBXContainerItemProxy;
			containerPortal = 78C398B01ACF4ADC00677621 /* RCTLinking.xcodeproj */;
			proxyType = 2;
			remoteGlobalIDString = 134814201AA4EA6300B7C361;
			remoteInfo = RCTLinking;
		};
		832341B41AAA6A8300B99B32 /* PBXContainerItemProxy */ = {
			isa = PBXContainerItemProxy;
			containerPortal = 832341B01AAA6A8300B99B32 /* RCTText.xcodeproj */;
			proxyType = 2;
			remoteGlobalIDString = 58B5119B1A9E6C1200147676;
			remoteInfo = RCTText;
		};
		AA2B73811CDFEA3B00960C56 /* PBXContainerItemProxy */ = {
			isa = PBXContainerItemProxy;
			containerPortal = AA2B737C1CDFEA3B00960C56 /* RCTToggle.xcodeproj */;
			proxyType = 2;
			remoteGlobalIDString = 101789301B283EE1006C41B8;
			remoteInfo = RCTToggle;
		};
		AA2B73831CDFEA3B00960C56 /* PBXContainerItemProxy */ = {
			isa = PBXContainerItemProxy;
			containerPortal = AA2B737C1CDFEA3B00960C56 /* RCTToggle.xcodeproj */;
			proxyType = 2;
			remoteGlobalIDString = 1017893B1B283EE1006C41B8;
			remoteInfo = RCTToggleTests;
		};
		AAE8A2861CFF31A40098DF2C /* PBXContainerItemProxy */ = {
			isa = PBXContainerItemProxy;
			containerPortal = 7201FD53E2DD45CD9D91E4A1 /* RNVectorIcons.xcodeproj */;
			proxyType = 2;
			remoteGlobalIDString = 5DBEB1501B18CEA900B34395;
			remoteInfo = RNVectorIcons;
		};
/* End PBXContainerItemProxy section */

/* Begin PBXFileReference section */
		008F07F21AC5B25A0029DE68 /* main.jsbundle */ = {isa = PBXFileReference; fileEncoding = 4; lastKnownFileType = text; path = main.jsbundle; sourceTree = "<group>"; };
		00C302A71ABCB8CE00DB3ED1 /* RCTActionSheet.xcodeproj */ = {isa = PBXFileReference; lastKnownFileType = "wrapper.pb-project"; name = RCTActionSheet.xcodeproj; path = "../node_modules/react-native/Libraries/ActionSheetIOS/RCTActionSheet.xcodeproj"; sourceTree = "<group>"; };
		00C302B51ABCB90400DB3ED1 /* RCTGeolocation.xcodeproj */ = {isa = PBXFileReference; lastKnownFileType = "wrapper.pb-project"; name = RCTGeolocation.xcodeproj; path = "../node_modules/react-native/Libraries/Geolocation/RCTGeolocation.xcodeproj"; sourceTree = "<group>"; };
		00C302BB1ABCB91800DB3ED1 /* RCTImage.xcodeproj */ = {isa = PBXFileReference; lastKnownFileType = "wrapper.pb-project"; name = RCTImage.xcodeproj; path = "../node_modules/react-native/Libraries/Image/RCTImage.xcodeproj"; sourceTree = "<group>"; };
		00C302D31ABCB9D200DB3ED1 /* RCTNetwork.xcodeproj */ = {isa = PBXFileReference; lastKnownFileType = "wrapper.pb-project"; name = RCTNetwork.xcodeproj; path = "../node_modules/react-native/Libraries/Network/RCTNetwork.xcodeproj"; sourceTree = "<group>"; };
		00C302DF1ABCB9EE00DB3ED1 /* RCTVibration.xcodeproj */ = {isa = PBXFileReference; lastKnownFileType = "wrapper.pb-project"; name = RCTVibration.xcodeproj; path = "../node_modules/react-native/Libraries/Vibration/RCTVibration.xcodeproj"; sourceTree = "<group>"; };
		00E356EE1AD99517003FC87E /* AlwaysAroundTests.xctest */ = {isa = PBXFileReference; explicitFileType = wrapper.cfbundle; includeInIndex = 0; path = AlwaysAroundTests.xctest; sourceTree = BUILT_PRODUCTS_DIR; };
		00E356F11AD99517003FC87E /* Info.plist */ = {isa = PBXFileReference; lastKnownFileType = text.plist.xml; path = Info.plist; sourceTree = "<group>"; };
		00E356F21AD99517003FC87E /* AlwaysAroundTests.m */ = {isa = PBXFileReference; lastKnownFileType = sourcecode.c.objc; path = AlwaysAroundTests.m; sourceTree = "<group>"; };
		139105B61AF99BAD00B5F7CC /* RCTSettings.xcodeproj */ = {isa = PBXFileReference; lastKnownFileType = "wrapper.pb-project"; name = RCTSettings.xcodeproj; path = "../node_modules/react-native/Libraries/Settings/RCTSettings.xcodeproj"; sourceTree = "<group>"; };
		139FDEE61B06529A00C62182 /* RCTWebSocket.xcodeproj */ = {isa = PBXFileReference; lastKnownFileType = "wrapper.pb-project"; name = RCTWebSocket.xcodeproj; path = "../node_modules/react-native/Libraries/WebSocket/RCTWebSocket.xcodeproj"; sourceTree = "<group>"; };
		13B07F961A680F5B00A75B9A /* AlwaysAround.app */ = {isa = PBXFileReference; explicitFileType = wrapper.application; includeInIndex = 0; path = AlwaysAround.app; sourceTree = BUILT_PRODUCTS_DIR; };
		13B07FAF1A68108700A75B9A /* AppDelegate.h */ = {isa = PBXFileReference; fileEncoding = 4; lastKnownFileType = sourcecode.c.h; name = AppDelegate.h; path = AlwaysAround/AppDelegate.h; sourceTree = "<group>"; };
		13B07FB01A68108700A75B9A /* AppDelegate.m */ = {isa = PBXFileReference; fileEncoding = 4; lastKnownFileType = sourcecode.c.objc; name = AppDelegate.m; path = AlwaysAround/AppDelegate.m; sourceTree = "<group>"; };
		13B07FB21A68108700A75B9A /* Base */ = {isa = PBXFileReference; lastKnownFileType = file.xib; name = Base; path = Base.lproj/LaunchScreen.xib; sourceTree = "<group>"; };
		13B07FB61A68108700A75B9A /* Info.plist */ = {isa = PBXFileReference; fileEncoding = 4; lastKnownFileType = text.plist.xml; name = Info.plist; path = AlwaysAround/Info.plist; sourceTree = "<group>"; };
		13B07FB71A68108700A75B9A /* main.m */ = {isa = PBXFileReference; fileEncoding = 4; lastKnownFileType = sourcecode.c.objc; name = main.m; path = AlwaysAround/main.m; sourceTree = "<group>"; };
		146833FF1AC3E56700842450 /* React.xcodeproj */ = {isa = PBXFileReference; lastKnownFileType = "wrapper.pb-project"; name = React.xcodeproj; path = "../node_modules/react-native/React/React.xcodeproj"; sourceTree = "<group>"; };
		2D72276D973B45F79D416A75 /* FontAwesome.ttf */ = {isa = PBXFileReference; explicitFileType = undefined; fileEncoding = 9; includeInIndex = 0; lastKnownFileType = unknown; name = FontAwesome.ttf; path = "../node_modules/react-native-vector-icons/Fonts/FontAwesome.ttf"; sourceTree = "<group>"; };
		3817686C1B1F47B1A25C3961 /* MaterialIcons.ttf */ = {isa = PBXFileReference; explicitFileType = undefined; fileEncoding = 9; includeInIndex = 0; lastKnownFileType = unknown; name = MaterialIcons.ttf; path = "../node_modules/react-native-vector-icons/Fonts/MaterialIcons.ttf"; sourceTree = "<group>"; };
		52DE0E58568247B299F59BFC /* Zocial.ttf */ = {isa = PBXFileReference; explicitFileType = undefined; fileEncoding = 9; includeInIndex = 0; lastKnownFileType = unknown; name = Zocial.ttf; path = "../node_modules/react-native-vector-icons/Fonts/Zocial.ttf"; sourceTree = "<group>"; };
		5F8E44C2699F4E2EA4F7404E /* Octicons.ttf */ = {isa = PBXFileReference; explicitFileType = undefined; fileEncoding = 9; includeInIndex = 0; lastKnownFileType = unknown; name = Octicons.ttf; path = "../node_modules/react-native-vector-icons/Fonts/Octicons.ttf"; sourceTree = "<group>"; };
		7201FD53E2DD45CD9D91E4A1 /* RNVectorIcons.xcodeproj */ = {isa = PBXFileReference; explicitFileType = undefined; fileEncoding = 9; includeInIndex = 0; lastKnownFileType = "wrapper.pb-project"; name = RNVectorIcons.xcodeproj; path = "../node_modules/react-native-vector-icons/RNVectorIcons.xcodeproj"; sourceTree = "<group>"; };
		78C398B01ACF4ADC00677621 /* RCTLinking.xcodeproj */ = {isa = PBXFileReference; lastKnownFileType = "wrapper.pb-project"; name = RCTLinking.xcodeproj; path = "../node_modules/react-native/Libraries/LinkingIOS/RCTLinking.xcodeproj"; sourceTree = "<group>"; };
		81A00AA9806747118368CD8E /* libRNVectorIcons.a */ = {isa = PBXFileReference; explicitFileType = undefined; fileEncoding = 9; includeInIndex = 0; lastKnownFileType = archive.ar; path = libRNVectorIcons.a; sourceTree = "<group>"; };
		832341B01AAA6A8300B99B32 /* RCTText.xcodeproj */ = {isa = PBXFileReference; lastKnownFileType = "wrapper.pb-project"; name = RCTText.xcodeproj; path = "../node_modules/react-native/Libraries/Text/RCTText.xcodeproj"; sourceTree = "<group>"; };
		9CAA857424EA42CC95CC7C20 /* Ionicons.ttf */ = {isa = PBXFileReference; explicitFileType = undefined; fileEncoding = 9; includeInIndex = 0; lastKnownFileType = unknown; name = Ionicons.ttf; path = "../node_modules/react-native-vector-icons/Fonts/Ionicons.ttf"; sourceTree = "<group>"; };
		AA1156F81CD80C8D006DD7CB /* Images.xcassets */ = {isa = PBXFileReference; lastKnownFileType = folder.assetcatalog; path = Images.xcassets; sourceTree = "<group>"; };
		AA2B737C1CDFEA3B00960C56 /* RCTToggle.xcodeproj */ = {isa = PBXFileReference; lastKnownFileType = "wrapper.pb-project"; name = RCTToggle.xcodeproj; path = "../node_modules/react-native-toggle/ios/RCTToggle.xcodeproj"; sourceTree = "<group>"; };
		AA40F28A1CD817250020CAC7 /* logo.png */ = {isa = PBXFileReference; lastKnownFileType = image.png; path = logo.png; sourceTree = "<group>"; };
		AA40F28B1CD817250020CAC7 /* logo@2x.png */ = {isa = PBXFileReference; lastKnownFileType = image.png; path = "logo@2x.png"; sourceTree = "<group>"; };
		AA40F28C1CD817250020CAC7 /* logo@3x.png */ = {isa = PBXFileReference; lastKnownFileType = image.png; path = "logo@3x.png"; sourceTree = "<group>"; };
		AA40F2961CD86B530020CAC7 /* BG@1x.png */ = {isa = PBXFileReference; lastKnownFileType = image.png; path = "BG@1x.png"; sourceTree = "<group>"; };
		AA40F2971CD86B530020CAC7 /* BG@2x.png */ = {isa = PBXFileReference; lastKnownFileType = image.png; path = "BG@2x.png"; sourceTree = "<group>"; };
		AA40F2981CD86B530020CAC7 /* BG@3x.png */ = {isa = PBXFileReference; lastKnownFileType = image.png; path = "BG@3x.png"; sourceTree = "<group>"; };
		AA40F2A81CD876BC0020CAC7 /* Page1.png */ = {isa = PBXFileReference; lastKnownFileType = image.png; path = Page1.png; sourceTree = "<group>"; };
		AA40F2A91CD876BC0020CAC7 /* Page1@2x.png */ = {isa = PBXFileReference; lastKnownFileType = image.png; path = "Page1@2x.png"; sourceTree = "<group>"; };
		AA40F2AA1CD876BC0020CAC7 /* Page1@3x.png */ = {isa = PBXFileReference; lastKnownFileType = image.png; path = "Page1@3x.png"; sourceTree = "<group>"; };
		AAAC12641D058738006F62D6 /* README.md */ = {isa = PBXFileReference; fileEncoding = 4; lastKnownFileType = net.daringfireball.markdown; path = README.md; sourceTree = "<group>"; };
		AAAC12651D058738006F62D6 /* SanFranciscoDisplay-Black.otf */ = {isa = PBXFileReference; lastKnownFileType = file; path = "SanFranciscoDisplay-Black.otf"; sourceTree = "<group>"; };
		AAAC12661D058738006F62D6 /* SanFranciscoDisplay-Bold.otf */ = {isa = PBXFileReference; lastKnownFileType = file; path = "SanFranciscoDisplay-Bold.otf"; sourceTree = "<group>"; };
		AAAC12671D058738006F62D6 /* SanFranciscoDisplay-Heavy.otf */ = {isa = PBXFileReference; lastKnownFileType = file; path = "SanFranciscoDisplay-Heavy.otf"; sourceTree = "<group>"; };
		AAAC12681D058738006F62D6 /* SanFranciscoDisplay-Light.otf */ = {isa = PBXFileReference; lastKnownFileType = file; path = "SanFranciscoDisplay-Light.otf"; sourceTree = "<group>"; };
		AAAC12691D058738006F62D6 /* SanFranciscoDisplay-Medium.otf */ = {isa = PBXFileReference; lastKnownFileType = file; path = "SanFranciscoDisplay-Medium.otf"; sourceTree = "<group>"; };
		AAAC126A1D058738006F62D6 /* SanFranciscoDisplay-Regular.otf */ = {isa = PBXFileReference; lastKnownFileType = file; path = "SanFranciscoDisplay-Regular.otf"; sourceTree = "<group>"; };
		AAAC126B1D058738006F62D6 /* SanFranciscoDisplay-Semibold.otf */ = {isa = PBXFileReference; lastKnownFileType = file; path = "SanFranciscoDisplay-Semibold.otf"; sourceTree = "<group>"; };
		AAAC126C1D058738006F62D6 /* SanFranciscoDisplay-Thin.otf */ = {isa = PBXFileReference; lastKnownFileType = file; path = "SanFranciscoDisplay-Thin.otf"; sourceTree = "<group>"; };
		AAAC126D1D058738006F62D6 /* SanFranciscoDisplay-Ultralight.otf */ = {isa = PBXFileReference; lastKnownFileType = file; path = "SanFranciscoDisplay-Ultralight.otf"; sourceTree = "<group>"; };
		AAAC129D1D0587A2006F62D6 /* SanFranciscoDisplay-Medium.otf */ = {isa = PBXFileReference; lastKnownFileType = file; path = "SanFranciscoDisplay-Medium.otf"; sourceTree = "<group>"; };
		AAAC129F1D059E92006F62D6 /* OR.png */ = {isa = PBXFileReference; lastKnownFileType = image.png; path = OR.png; sourceTree = "<group>"; };
		AAAC12A01D059E92006F62D6 /* OR@2x.png */ = {isa = PBXFileReference; lastKnownFileType = image.png; path = "OR@2x.png"; sourceTree = "<group>"; };
		AAAC12A11D059E92006F62D6 /* OR@3x.png */ = {isa = PBXFileReference; lastKnownFileType = image.png; path = "OR@3x.png"; sourceTree = "<group>"; };
		AAAC12A51D05A399006F62D6 /* FACEBOOK.png */ = {isa = PBXFileReference; lastKnownFileType = image.png; path = FACEBOOK.png; sourceTree = "<group>"; };
		AAAC12A61D05A399006F62D6 /* FACEBOOK@2x.png */ = {isa = PBXFileReference; lastKnownFileType = image.png; path = "FACEBOOK@2x.png"; sourceTree = "<group>"; };
		AAAC12A71D05A399006F62D6 /* FACEBOOK@3x.png */ = {isa = PBXFileReference; lastKnownFileType = image.png; path = "FACEBOOK@3x.png"; sourceTree = "<group>"; };
		AAAC12AB1D05A6C9006F62D6 /* SanFranciscoDisplay-Regular.otf */ = {isa = PBXFileReference; lastKnownFileType = file; path = "SanFranciscoDisplay-Regular.otf"; sourceTree = "<group>"; };
		AAE244AF1D0185EF00B265C3 /* BLANK_ICON@1x.png */ = {isa = PBXFileReference; lastKnownFileType = image.png; path = "BLANK_ICON@1x.png"; sourceTree = "<group>"; };
		AAE244B01D0185EF00B265C3 /* BLANK_ICON@2x.png */ = {isa = PBXFileReference; lastKnownFileType = image.png; path = "BLANK_ICON@2x.png"; sourceTree = "<group>"; };
		AAE244B11D0185EF00B265C3 /* BLANK_ICON@3x.png */ = {isa = PBXFileReference; lastKnownFileType = image.png; path = "BLANK_ICON@3x.png"; sourceTree = "<group>"; };
		AAE244B21D0185EF00B265C3 /* check@1x.png */ = {isa = PBXFileReference; lastKnownFileType = image.png; path = "check@1x.png"; sourceTree = "<group>"; };
		AAE244B31D0185EF00B265C3 /* check@2x.png */ = {isa = PBXFileReference; lastKnownFileType = image.png; path = "check@2x.png"; sourceTree = "<group>"; };
		AAE244B41D0185EF00B265C3 /* check@3x.png */ = {isa = PBXFileReference; lastKnownFileType = image.png; path = "check@3x.png"; sourceTree = "<group>"; };
		AAE8A2601CFF30F00098DF2C /* ban@1x.png */ = {isa = PBXFileReference; lastKnownFileType = image.png; path = "ban@1x.png"; sourceTree = "<group>"; };
		AAE8A2621CFF30FE0098DF2C /* ban@2x.png */ = {isa = PBXFileReference; lastKnownFileType = image.png; path = "ban@2x.png"; sourceTree = "<group>"; };
		AAE8A2631CFF30FE0098DF2C /* ban@3x.png */ = {isa = PBXFileReference; lastKnownFileType = image.png; path = "ban@3x.png"; sourceTree = "<group>"; };
		AAE8A2641CFF30FE0098DF2C /* pawIcon@1x.png */ = {isa = PBXFileReference; lastKnownFileType = image.png; path = "pawIcon@1x.png"; sourceTree = "<group>"; };
		AAE8A2651CFF30FE0098DF2C /* pawIcon@2x.png */ = {isa = PBXFileReference; lastKnownFileType = image.png; path = "pawIcon@2x.png"; sourceTree = "<group>"; };
		AAE8A2661CFF30FE0098DF2C /* pawIcon@3x.png */ = {isa = PBXFileReference; lastKnownFileType = image.png; path = "pawIcon@3x.png"; sourceTree = "<group>"; };
		C1D716B550DF4517A11E87B8 /* EvilIcons.ttf */ = {isa = PBXFileReference; explicitFileType = undefined; fileEncoding = 9; includeInIndex = 0; lastKnownFileType = unknown; name = EvilIcons.ttf; path = "../node_modules/react-native-vector-icons/Fonts/EvilIcons.ttf"; sourceTree = "<group>"; };
		F67E097F858847B2967C702C /* Entypo.ttf */ = {isa = PBXFileReference; explicitFileType = undefined; fileEncoding = 9; includeInIndex = 0; lastKnownFileType = unknown; name = Entypo.ttf; path = "../node_modules/react-native-vector-icons/Fonts/Entypo.ttf"; sourceTree = "<group>"; };
		FB87A45076D64AE0A0C5DD16 /* Foundation.ttf */ = {isa = PBXFileReference; explicitFileType = undefined; fileEncoding = 9; includeInIndex = 0; lastKnownFileType = unknown; name = Foundation.ttf; path = "../node_modules/react-native-vector-icons/Fonts/Foundation.ttf"; sourceTree = "<group>"; };
/* End PBXFileReference section */

/* Begin PBXFrameworksBuildPhase section */
		00E356EB1AD99517003FC87E /* Frameworks */ = {
			isa = PBXFrameworksBuildPhase;
			buildActionMask = 2147483647;
			files = (
			);
			runOnlyForDeploymentPostprocessing = 0;
		};
		13B07F8C1A680F5B00A75B9A /* Frameworks */ = {
			isa = PBXFrameworksBuildPhase;
			buildActionMask = 2147483647;
			files = (
				AA2B73851CDFEA6300960C56 /* libRCTToggle.a in Frameworks */,
				146834051AC3E58100842450 /* libReact.a in Frameworks */,
				00C302E51ABCBA2D00DB3ED1 /* libRCTActionSheet.a in Frameworks */,
				00C302E71ABCBA2D00DB3ED1 /* libRCTGeolocation.a in Frameworks */,
				00C302E81ABCBA2D00DB3ED1 /* libRCTImage.a in Frameworks */,
				133E29F31AD74F7200F7D852 /* libRCTLinking.a in Frameworks */,
				00C302E91ABCBA2D00DB3ED1 /* libRCTNetwork.a in Frameworks */,
				139105C61AF99C1200B5F7CC /* libRCTSettings.a in Frameworks */,
				832341BD1AAA6AB300B99B32 /* libRCTText.a in Frameworks */,
				00C302EA1ABCBA2D00DB3ED1 /* libRCTVibration.a in Frameworks */,
				139FDEF61B0652A700C62182 /* libRCTWebSocket.a in Frameworks */,
				F5CF4569B5C74DB88E26A69D /* libRNVectorIcons.a in Frameworks */,
			);
			runOnlyForDeploymentPostprocessing = 0;
		};
/* End PBXFrameworksBuildPhase section */

/* Begin PBXGroup section */
		00C302A81ABCB8CE00DB3ED1 /* Products */ = {
			isa = PBXGroup;
			children = (
				00C302AC1ABCB8CE00DB3ED1 /* libRCTActionSheet.a */,
			);
			name = Products;
			sourceTree = "<group>";
		};
		00C302B61ABCB90400DB3ED1 /* Products */ = {
			isa = PBXGroup;
			children = (
				00C302BA1ABCB90400DB3ED1 /* libRCTGeolocation.a */,
			);
			name = Products;
			sourceTree = "<group>";
		};
		00C302BC1ABCB91800DB3ED1 /* Products */ = {
			isa = PBXGroup;
			children = (
				00C302C01ABCB91800DB3ED1 /* libRCTImage.a */,
			);
			name = Products;
			sourceTree = "<group>";
		};
		00C302D41ABCB9D200DB3ED1 /* Products */ = {
			isa = PBXGroup;
			children = (
				00C302DC1ABCB9D200DB3ED1 /* libRCTNetwork.a */,
			);
			name = Products;
			sourceTree = "<group>";
		};
		00C302E01ABCB9EE00DB3ED1 /* Products */ = {
			isa = PBXGroup;
			children = (
				00C302E41ABCB9EE00DB3ED1 /* libRCTVibration.a */,
			);
			name = Products;
			sourceTree = "<group>";
		};
		00E356EF1AD99517003FC87E /* AlwaysAroundTests */ = {
			isa = PBXGroup;
			children = (
				00E356F21AD99517003FC87E /* AlwaysAroundTests.m */,
				00E356F01AD99517003FC87E /* Supporting Files */,
			);
			path = AlwaysAroundTests;
			sourceTree = "<group>";
		};
		00E356F01AD99517003FC87E /* Supporting Files */ = {
			isa = PBXGroup;
			children = (
				00E356F11AD99517003FC87E /* Info.plist */,
			);
			name = "Supporting Files";
			sourceTree = "<group>";
		};
		139105B71AF99BAD00B5F7CC /* Products */ = {
			isa = PBXGroup;
			children = (
				139105C11AF99BAD00B5F7CC /* libRCTSettings.a */,
			);
			name = Products;
			sourceTree = "<group>";
		};
		139FDEE71B06529A00C62182 /* Products */ = {
			isa = PBXGroup;
			children = (
				139FDEF41B06529B00C62182 /* libRCTWebSocket.a */,
			);
			name = Products;
			sourceTree = "<group>";
		};
		13B07FAE1A68108700A75B9A /* AlwaysAround */ = {
			isa = PBXGroup;
			children = (
				AAAC12AB1D05A6C9006F62D6 /* SanFranciscoDisplay-Regular.otf */,
				AAAC129D1D0587A2006F62D6 /* SanFranciscoDisplay-Medium.otf */,
				008F07F21AC5B25A0029DE68 /* main.jsbundle */,
				13B07FAF1A68108700A75B9A /* AppDelegate.h */,
				13B07FB01A68108700A75B9A /* AppDelegate.m */,
				AAAC12631D058738006F62D6 /* SanFranciscoFont-master */,
				AA1156F81CD80C8D006DD7CB /* Images.xcassets */,
				AAAC12A51D05A399006F62D6 /* FACEBOOK.png */,
				AAAC12A61D05A399006F62D6 /* FACEBOOK@2x.png */,
				AAAC12A71D05A399006F62D6 /* FACEBOOK@3x.png */,
				AAAC129F1D059E92006F62D6 /* OR.png */,
				AAAC12A01D059E92006F62D6 /* OR@2x.png */,
				AAAC12A11D059E92006F62D6 /* OR@3x.png */,
				AAE244AF1D0185EF00B265C3 /* BLANK_ICON@1x.png */,
				AAE244B01D0185EF00B265C3 /* BLANK_ICON@2x.png */,
				AAE244B11D0185EF00B265C3 /* BLANK_ICON@3x.png */,
				AAE244B21D0185EF00B265C3 /* check@1x.png */,
				AAE244B31D0185EF00B265C3 /* check@2x.png */,
				AAE244B41D0185EF00B265C3 /* check@3x.png */,
				AAE8A2601CFF30F00098DF2C /* ban@1x.png */,
				AAE8A2621CFF30FE0098DF2C /* ban@2x.png */,
				AAE8A2631CFF30FE0098DF2C /* ban@3x.png */,
				AAE8A2641CFF30FE0098DF2C /* pawIcon@1x.png */,
				AAE8A2651CFF30FE0098DF2C /* pawIcon@2x.png */,
				AAE8A2661CFF30FE0098DF2C /* pawIcon@3x.png */,
				AA40F2961CD86B530020CAC7 /* BG@1x.png */,
				AA40F2971CD86B530020CAC7 /* BG@2x.png */,
				AA40F2981CD86B530020CAC7 /* BG@3x.png */,
				AA40F2A81CD876BC0020CAC7 /* Page1.png */,
				AA40F2A91CD876BC0020CAC7 /* Page1@2x.png */,
				AA40F2AA1CD876BC0020CAC7 /* Page1@3x.png */,
				AA40F28A1CD817250020CAC7 /* logo.png */,
				AA40F28B1CD817250020CAC7 /* logo@2x.png */,
				AA40F28C1CD817250020CAC7 /* logo@3x.png */,
				13B07FB61A68108700A75B9A /* Info.plist */,
				13B07FB11A68108700A75B9A /* LaunchScreen.xib */,
				13B07FB71A68108700A75B9A /* main.m */,
			);
			name = AlwaysAround;
			sourceTree = "<group>";
		};
		146834001AC3E56700842450 /* Products */ = {
			isa = PBXGroup;
			children = (
				146834041AC3E56700842450 /* libReact.a */,
			);
			name = Products;
			sourceTree = "<group>";
		};
		78C398B11ACF4ADC00677621 /* Products */ = {
			isa = PBXGroup;
			children = (
				78C398B91ACF4ADC00677621 /* libRCTLinking.a */,
			);
			name = Products;
			sourceTree = "<group>";
		};
		832341AE1AAA6A7D00B99B32 /* Libraries */ = {
			isa = PBXGroup;
			children = (
				AA2B737C1CDFEA3B00960C56 /* RCTToggle.xcodeproj */,
				146833FF1AC3E56700842450 /* React.xcodeproj */,
				00C302A71ABCB8CE00DB3ED1 /* RCTActionSheet.xcodeproj */,
				00C302B51ABCB90400DB3ED1 /* RCTGeolocation.xcodeproj */,
				00C302BB1ABCB91800DB3ED1 /* RCTImage.xcodeproj */,
				78C398B01ACF4ADC00677621 /* RCTLinking.xcodeproj */,
				00C302D31ABCB9D200DB3ED1 /* RCTNetwork.xcodeproj */,
				139105B61AF99BAD00B5F7CC /* RCTSettings.xcodeproj */,
				832341B01AAA6A8300B99B32 /* RCTText.xcodeproj */,
				00C302DF1ABCB9EE00DB3ED1 /* RCTVibration.xcodeproj */,
				139FDEE61B06529A00C62182 /* RCTWebSocket.xcodeproj */,
				7201FD53E2DD45CD9D91E4A1 /* RNVectorIcons.xcodeproj */,
			);
			name = Libraries;
			sourceTree = "<group>";
		};
		832341B11AAA6A8300B99B32 /* Products */ = {
			isa = PBXGroup;
			children = (
				832341B51AAA6A8300B99B32 /* libRCTText.a */,
			);
			name = Products;
			sourceTree = "<group>";
		};
		83CBB9F61A601CBA00E9B192 = {
			isa = PBXGroup;
			children = (
				13B07FAE1A68108700A75B9A /* AlwaysAround */,
				832341AE1AAA6A7D00B99B32 /* Libraries */,
				00E356EF1AD99517003FC87E /* AlwaysAroundTests */,
				83CBBA001A601CBA00E9B192 /* Products */,
				DA8F2138DE914C4C94CB063D /* Resources */,
			);
			indentWidth = 2;
			sourceTree = "<group>";
			tabWidth = 2;
		};
		83CBBA001A601CBA00E9B192 /* Products */ = {
			isa = PBXGroup;
			children = (
				13B07F961A680F5B00A75B9A /* AlwaysAround.app */,
				00E356EE1AD99517003FC87E /* AlwaysAroundTests.xctest */,
			);
			name = Products;
			sourceTree = "<group>";
		};
		AA2B737D1CDFEA3B00960C56 /* Products */ = {
			isa = PBXGroup;
			children = (
				AA2B73821CDFEA3B00960C56 /* libRCTToggle.a */,
				AA2B73841CDFEA3B00960C56 /* RCTToggleTests.xctest */,
			);
			name = Products;
			sourceTree = "<group>";
		};
		AAAC12631D058738006F62D6 /* SanFranciscoFont-master */ = {
			isa = PBXGroup;
			children = (
				AAAC12641D058738006F62D6 /* README.md */,
				AAAC12651D058738006F62D6 /* SanFranciscoDisplay-Black.otf */,
				AAAC12661D058738006F62D6 /* SanFranciscoDisplay-Bold.otf */,
				AAAC12671D058738006F62D6 /* SanFranciscoDisplay-Heavy.otf */,
				AAAC12681D058738006F62D6 /* SanFranciscoDisplay-Light.otf */,
				AAAC12691D058738006F62D6 /* SanFranciscoDisplay-Medium.otf */,
				AAAC126A1D058738006F62D6 /* SanFranciscoDisplay-Regular.otf */,
				AAAC126B1D058738006F62D6 /* SanFranciscoDisplay-Semibold.otf */,
				AAAC126C1D058738006F62D6 /* SanFranciscoDisplay-Thin.otf */,
				AAAC126D1D058738006F62D6 /* SanFranciscoDisplay-Ultralight.otf */,
			);
			path = "SanFranciscoFont-master";
			sourceTree = "<group>";
		};
		AAE8A2771CFF31A40098DF2C /* Products */ = {
			isa = PBXGroup;
			children = (
				AAE8A2871CFF31A40098DF2C /* libRNVectorIcons.a */,
			);
			name = Products;
			sourceTree = "<group>";
		};
		DA8F2138DE914C4C94CB063D /* Resources */ = {
			isa = PBXGroup;
			children = (
				F67E097F858847B2967C702C /* Entypo.ttf */,
				C1D716B550DF4517A11E87B8 /* EvilIcons.ttf */,
				2D72276D973B45F79D416A75 /* FontAwesome.ttf */,
				FB87A45076D64AE0A0C5DD16 /* Foundation.ttf */,
				9CAA857424EA42CC95CC7C20 /* Ionicons.ttf */,
				3817686C1B1F47B1A25C3961 /* MaterialIcons.ttf */,
				5F8E44C2699F4E2EA4F7404E /* Octicons.ttf */,
				52DE0E58568247B299F59BFC /* Zocial.ttf */,
			);
			name = Resources;
			sourceTree = "<group>";
		};
/* End PBXGroup section */

/* Begin PBXNativeTarget section */
		00E356ED1AD99517003FC87E /* AlwaysAroundTests */ = {
			isa = PBXNativeTarget;
			buildConfigurationList = 00E357021AD99517003FC87E /* Build configuration list for PBXNativeTarget "AlwaysAroundTests" */;
			buildPhases = (
				00E356EA1AD99517003FC87E /* Sources */,
				00E356EB1AD99517003FC87E /* Frameworks */,
				00E356EC1AD99517003FC87E /* Resources */,
			);
			buildRules = (
			);
			dependencies = (
				00E356F51AD99517003FC87E /* PBXTargetDependency */,
			);
			name = AlwaysAroundTests;
			productName = AlwaysAroundTests;
			productReference = 00E356EE1AD99517003FC87E /* AlwaysAroundTests.xctest */;
			productType = "com.apple.product-type.bundle.unit-test";
		};
		13B07F861A680F5B00A75B9A /* AlwaysAround */ = {
			isa = PBXNativeTarget;
			buildConfigurationList = 13B07F931A680F5B00A75B9A /* Build configuration list for PBXNativeTarget "AlwaysAround" */;
			buildPhases = (
				13B07F871A680F5B00A75B9A /* Sources */,
				13B07F8C1A680F5B00A75B9A /* Frameworks */,
				13B07F8E1A680F5B00A75B9A /* Resources */,
				00DD1BFF1BD5951E006B06BC /* Bundle React Native code and images */,
			);
			buildRules = (
			);
			dependencies = (
			);
			name = AlwaysAround;
			productName = "Hello World";
			productReference = 13B07F961A680F5B00A75B9A /* AlwaysAround.app */;
			productType = "com.apple.product-type.application";
		};
/* End PBXNativeTarget section */

/* Begin PBXProject section */
		83CBB9F71A601CBA00E9B192 /* Project object */ = {
			isa = PBXProject;
			attributes = {
				LastUpgradeCheck = 730;
				ORGANIZATIONNAME = Facebook;
				TargetAttributes = {
					00E356ED1AD99517003FC87E = {
						CreatedOnToolsVersion = 6.2;
						TestTargetID = 13B07F861A680F5B00A75B9A;
					};
					13B07F861A680F5B00A75B9A = {
						DevelopmentTeam = XKS85Z74K7;
					};
				};
			};
			buildConfigurationList = 83CBB9FA1A601CBA00E9B192 /* Build configuration list for PBXProject "AlwaysAround" */;
			compatibilityVersion = "Xcode 3.2";
			developmentRegion = English;
			hasScannedForEncodings = 0;
			knownRegions = (
				en,
				Base,
			);
			mainGroup = 83CBB9F61A601CBA00E9B192;
			productRefGroup = 83CBBA001A601CBA00E9B192 /* Products */;
			projectDirPath = "";
			projectReferences = (
				{
					ProductGroup = 00C302A81ABCB8CE00DB3ED1 /* Products */;
					ProjectRef = 00C302A71ABCB8CE00DB3ED1 /* RCTActionSheet.xcodeproj */;
				},
				{
					ProductGroup = 00C302B61ABCB90400DB3ED1 /* Products */;
					ProjectRef = 00C302B51ABCB90400DB3ED1 /* RCTGeolocation.xcodeproj */;
				},
				{
					ProductGroup = 00C302BC1ABCB91800DB3ED1 /* Products */;
					ProjectRef = 00C302BB1ABCB91800DB3ED1 /* RCTImage.xcodeproj */;
				},
				{
					ProductGroup = 78C398B11ACF4ADC00677621 /* Products */;
					ProjectRef = 78C398B01ACF4ADC00677621 /* RCTLinking.xcodeproj */;
				},
				{
					ProductGroup = 00C302D41ABCB9D200DB3ED1 /* Products */;
					ProjectRef = 00C302D31ABCB9D200DB3ED1 /* RCTNetwork.xcodeproj */;
				},
				{
					ProductGroup = 139105B71AF99BAD00B5F7CC /* Products */;
					ProjectRef = 139105B61AF99BAD00B5F7CC /* RCTSettings.xcodeproj */;
				},
				{
					ProductGroup = 832341B11AAA6A8300B99B32 /* Products */;
					ProjectRef = 832341B01AAA6A8300B99B32 /* RCTText.xcodeproj */;
				},
				{
					ProductGroup = AA2B737D1CDFEA3B00960C56 /* Products */;
					ProjectRef = AA2B737C1CDFEA3B00960C56 /* RCTToggle.xcodeproj */;
				},
				{
					ProductGroup = 00C302E01ABCB9EE00DB3ED1 /* Products */;
					ProjectRef = 00C302DF1ABCB9EE00DB3ED1 /* RCTVibration.xcodeproj */;
				},
				{
					ProductGroup = 139FDEE71B06529A00C62182 /* Products */;
					ProjectRef = 139FDEE61B06529A00C62182 /* RCTWebSocket.xcodeproj */;
				},
				{
					ProductGroup = 146834001AC3E56700842450 /* Products */;
					ProjectRef = 146833FF1AC3E56700842450 /* React.xcodeproj */;
				},
				{
					ProductGroup = AAE8A2771CFF31A40098DF2C /* Products */;
					ProjectRef = 7201FD53E2DD45CD9D91E4A1 /* RNVectorIcons.xcodeproj */;
				},
			);
			projectRoot = "";
			targets = (
				13B07F861A680F5B00A75B9A /* AlwaysAround */,
				00E356ED1AD99517003FC87E /* AlwaysAroundTests */,
			);
		};
/* End PBXProject section */

/* Begin PBXReferenceProxy section */
		00C302AC1ABCB8CE00DB3ED1 /* libRCTActionSheet.a */ = {
			isa = PBXReferenceProxy;
			fileType = archive.ar;
			path = libRCTActionSheet.a;
			remoteRef = 00C302AB1ABCB8CE00DB3ED1 /* PBXContainerItemProxy */;
			sourceTree = BUILT_PRODUCTS_DIR;
		};
		00C302BA1ABCB90400DB3ED1 /* libRCTGeolocation.a */ = {
			isa = PBXReferenceProxy;
			fileType = archive.ar;
			path = libRCTGeolocation.a;
			remoteRef = 00C302B91ABCB90400DB3ED1 /* PBXContainerItemProxy */;
			sourceTree = BUILT_PRODUCTS_DIR;
		};
		00C302C01ABCB91800DB3ED1 /* libRCTImage.a */ = {
			isa = PBXReferenceProxy;
			fileType = archive.ar;
			path = libRCTImage.a;
			remoteRef = 00C302BF1ABCB91800DB3ED1 /* PBXContainerItemProxy */;
			sourceTree = BUILT_PRODUCTS_DIR;
		};
		00C302DC1ABCB9D200DB3ED1 /* libRCTNetwork.a */ = {
			isa = PBXReferenceProxy;
			fileType = archive.ar;
			path = libRCTNetwork.a;
			remoteRef = 00C302DB1ABCB9D200DB3ED1 /* PBXContainerItemProxy */;
			sourceTree = BUILT_PRODUCTS_DIR;
		};
		00C302E41ABCB9EE00DB3ED1 /* libRCTVibration.a */ = {
			isa = PBXReferenceProxy;
			fileType = archive.ar;
			path = libRCTVibration.a;
			remoteRef = 00C302E31ABCB9EE00DB3ED1 /* PBXContainerItemProxy */;
			sourceTree = BUILT_PRODUCTS_DIR;
		};
		139105C11AF99BAD00B5F7CC /* libRCTSettings.a */ = {
			isa = PBXReferenceProxy;
			fileType = archive.ar;
			path = libRCTSettings.a;
			remoteRef = 139105C01AF99BAD00B5F7CC /* PBXContainerItemProxy */;
			sourceTree = BUILT_PRODUCTS_DIR;
		};
		139FDEF41B06529B00C62182 /* libRCTWebSocket.a */ = {
			isa = PBXReferenceProxy;
			fileType = archive.ar;
			path = libRCTWebSocket.a;
			remoteRef = 139FDEF31B06529B00C62182 /* PBXContainerItemProxy */;
			sourceTree = BUILT_PRODUCTS_DIR;
		};
		146834041AC3E56700842450 /* libReact.a */ = {
			isa = PBXReferenceProxy;
			fileType = archive.ar;
			path = libReact.a;
			remoteRef = 146834031AC3E56700842450 /* PBXContainerItemProxy */;
			sourceTree = BUILT_PRODUCTS_DIR;
		};
		78C398B91ACF4ADC00677621 /* libRCTLinking.a */ = {
			isa = PBXReferenceProxy;
			fileType = archive.ar;
			path = libRCTLinking.a;
			remoteRef = 78C398B81ACF4ADC00677621 /* PBXContainerItemProxy */;
			sourceTree = BUILT_PRODUCTS_DIR;
		};
		832341B51AAA6A8300B99B32 /* libRCTText.a */ = {
			isa = PBXReferenceProxy;
			fileType = archive.ar;
			path = libRCTText.a;
			remoteRef = 832341B41AAA6A8300B99B32 /* PBXContainerItemProxy */;
			sourceTree = BUILT_PRODUCTS_DIR;
		};
		AA2B73821CDFEA3B00960C56 /* libRCTToggle.a */ = {
			isa = PBXReferenceProxy;
			fileType = archive.ar;
			path = libRCTToggle.a;
			remoteRef = AA2B73811CDFEA3B00960C56 /* PBXContainerItemProxy */;
			sourceTree = BUILT_PRODUCTS_DIR;
		};
		AA2B73841CDFEA3B00960C56 /* RCTToggleTests.xctest */ = {
			isa = PBXReferenceProxy;
			fileType = wrapper.cfbundle;
			path = RCTToggleTests.xctest;
			remoteRef = AA2B73831CDFEA3B00960C56 /* PBXContainerItemProxy */;
			sourceTree = BUILT_PRODUCTS_DIR;
		};
		AAE8A2871CFF31A40098DF2C /* libRNVectorIcons.a */ = {
			isa = PBXReferenceProxy;
			fileType = archive.ar;
			path = libRNVectorIcons.a;
			remoteRef = AAE8A2861CFF31A40098DF2C /* PBXContainerItemProxy */;
			sourceTree = BUILT_PRODUCTS_DIR;
		};
/* End PBXReferenceProxy section */

/* Begin PBXResourcesBuildPhase section */
		00E356EC1AD99517003FC87E /* Resources */ = {
			isa = PBXResourcesBuildPhase;
			buildActionMask = 2147483647;
			files = (
			);
			runOnlyForDeploymentPostprocessing = 0;
		};
		13B07F8E1A680F5B00A75B9A /* Resources */ = {
			isa = PBXResourcesBuildPhase;
			buildActionMask = 2147483647;
			files = (
				AAAC12AC1D05A6C9006F62D6 /* SanFranciscoDisplay-Regular.otf in Resources */,
				AAAC129E1D0587A2006F62D6 /* SanFranciscoDisplay-Medium.otf in Resources */,
				AAAC127E1D058738006F62D6 /* SanFranciscoDisplay-Light.otf in Resources */,
				AA40F28F1CD817250020CAC7 /* logo@3x.png in Resources */,
				AA40F28E1CD817250020CAC7 /* logo@2x.png in Resources */,
				AAAC12811D058738006F62D6 /* SanFranciscoDisplay-Semibold.otf in Resources */,
				AAAC12A31D059E92006F62D6 /* OR@2x.png in Resources */,
				AAE8A2691CFF30FE0098DF2C /* pawIcon@1x.png in Resources */,
				AAE8A26B1CFF30FE0098DF2C /* pawIcon@3x.png in Resources */,
				AAE8A2671CFF30FE0098DF2C /* ban@2x.png in Resources */,
				AA40F29A1CD86B530020CAC7 /* BG@2x.png in Resources */,
				AAE244BA1D0185EF00B265C3 /* check@3x.png in Resources */,
				AAAC127F1D058738006F62D6 /* SanFranciscoDisplay-Medium.otf in Resources */,
				AAAC12A41D059E92006F62D6 /* OR@3x.png in Resources */,
				AAE8A26A1CFF30FE0098DF2C /* pawIcon@2x.png in Resources */,
				AA40F29B1CD86B530020CAC7 /* BG@3x.png in Resources */,
				AA40F2AD1CD876BC0020CAC7 /* Page1@3x.png in Resources */,
				AAAC12A21D059E92006F62D6 /* OR.png in Resources */,
				AA40F2991CD86B530020CAC7 /* BG@1x.png in Resources */,
				AAE8A2681CFF30FE0098DF2C /* ban@3x.png in Resources */,
				AAAC12801D058738006F62D6 /* SanFranciscoDisplay-Regular.otf in Resources */,
				AA40F2AB1CD876BC0020CAC7 /* Page1.png in Resources */,
				AAE244B91D0185EF00B265C3 /* check@2x.png in Resources */,
				AAAC12831D058738006F62D6 /* SanFranciscoDisplay-Ultralight.otf in Resources */,
				AAAC127B1D058738006F62D6 /* SanFranciscoDisplay-Black.otf in Resources */,
				AAAC12A91D05A399006F62D6 /* FACEBOOK@2x.png in Resources */,
				AAAC12AA1D05A399006F62D6 /* FACEBOOK@3x.png in Resources */,
				AA40F28D1CD817250020CAC7 /* logo.png in Resources */,
				AAE8A2611CFF30F00098DF2C /* ban@1x.png in Resources */,
				AAE244B81D0185EF00B265C3 /* check@1x.png in Resources */,
				AAAC12A81D05A399006F62D6 /* FACEBOOK.png in Resources */,
				AAE244B51D0185EF00B265C3 /* BLANK_ICON@1x.png in Resources */,
				AAAC127D1D058738006F62D6 /* SanFranciscoDisplay-Heavy.otf in Resources */,
				AAAC127C1D058738006F62D6 /* SanFranciscoDisplay-Bold.otf in Resources */,
				AA40F2AC1CD876BC0020CAC7 /* Page1@2x.png in Resources */,
				AAE244B71D0185EF00B265C3 /* BLANK_ICON@3x.png in Resources */,
				AA1156F91CD80C8D006DD7CB /* Images.xcassets in Resources */,
				AAE244B61D0185EF00B265C3 /* BLANK_ICON@2x.png in Resources */,
				13B07FBD1A68108700A75B9A /* LaunchScreen.xib in Resources */,
				AAAC12821D058738006F62D6 /* SanFranciscoDisplay-Thin.otf in Resources */,
			);
			runOnlyForDeploymentPostprocessing = 0;
		};
/* End PBXResourcesBuildPhase section */

/* Begin PBXShellScriptBuildPhase section */
		00DD1BFF1BD5951E006B06BC /* Bundle React Native code and images */ = {
			isa = PBXShellScriptBuildPhase;
			buildActionMask = 8;
			files = (
			);
			inputPaths = (
			);
			name = "Bundle React Native code and images";
			outputPaths = (
			);
			runOnlyForDeploymentPostprocessing = 1;
			shellPath = /bin/sh;
			shellScript = "export NODE_BINARY=node\n../node_modules/react-native/packager/react-native-xcode.sh";
		};
/* End PBXShellScriptBuildPhase section */

/* Begin PBXSourcesBuildPhase section */
		00E356EA1AD99517003FC87E /* Sources */ = {
			isa = PBXSourcesBuildPhase;
			buildActionMask = 2147483647;
			files = (
				00E356F31AD99517003FC87E /* AlwaysAroundTests.m in Sources */,
			);
			runOnlyForDeploymentPostprocessing = 0;
		};
		13B07F871A680F5B00A75B9A /* Sources */ = {
			isa = PBXSourcesBuildPhase;
			buildActionMask = 2147483647;
			files = (
				AAAC127A1D058738006F62D6 /* README.md in Sources */,
				13B07FBC1A68108700A75B9A /* AppDelegate.m in Sources */,
				13B07FC11A68108700A75B9A /* main.m in Sources */,
			);
			runOnlyForDeploymentPostprocessing = 0;
		};
/* End PBXSourcesBuildPhase section */

/* Begin PBXTargetDependency section */
		00E356F51AD99517003FC87E /* PBXTargetDependency */ = {
			isa = PBXTargetDependency;
			target = 13B07F861A680F5B00A75B9A /* AlwaysAround */;
			targetProxy = 00E356F41AD99517003FC87E /* PBXContainerItemProxy */;
		};
/* End PBXTargetDependency section */

/* Begin PBXVariantGroup section */
		13B07FB11A68108700A75B9A /* LaunchScreen.xib */ = {
			isa = PBXVariantGroup;
			children = (
				13B07FB21A68108700A75B9A /* Base */,
			);
			name = LaunchScreen.xib;
			path = AlwaysAround;
			sourceTree = "<group>";
		};
/* End PBXVariantGroup section */

/* Begin XCBuildConfiguration section */
		00E356F61AD99517003FC87E /* Debug */ = {
			isa = XCBuildConfiguration;
			buildSettings = {
				BUNDLE_LOADER = "$(TEST_HOST)";
				FRAMEWORK_SEARCH_PATHS = (
					"$(SDKROOT)/Developer/Library/Frameworks",
					"$(inherited)",
				);
				GCC_PREPROCESSOR_DEFINITIONS = (
					"DEBUG=1",
					"$(inherited)",
				);
				INFOPLIST_FILE = AlwaysAroundTests/Info.plist;
				IPHONEOS_DEPLOYMENT_TARGET = 8.2;
				LD_RUNPATH_SEARCH_PATHS = "$(inherited) @executable_path/Frameworks @loader_path/Frameworks";
				LIBRARY_SEARCH_PATHS = (
					"$(inherited)",
					"\"$(SRCROOT)/$(TARGET_NAME)\"",
					"\"$(SRCROOT)/$(TARGET_NAME)\"",
				);
				PRODUCT_BUNDLE_IDENTIFIER = "org.reactjs.native.example.$(PRODUCT_NAME:rfc1034identifier)";
				PRODUCT_NAME = "$(TARGET_NAME)";
				TEST_HOST = "$(BUILT_PRODUCTS_DIR)/AlwaysAround.app/AlwaysAround";
			};
			name = Debug;
		};
		00E356F71AD99517003FC87E /* Release */ = {
			isa = XCBuildConfiguration;
			buildSettings = {
				BUNDLE_LOADER = "$(TEST_HOST)";
				COPY_PHASE_STRIP = NO;
				FRAMEWORK_SEARCH_PATHS = (
					"$(SDKROOT)/Developer/Library/Frameworks",
					"$(inherited)",
				);
				INFOPLIST_FILE = AlwaysAroundTests/Info.plist;
				IPHONEOS_DEPLOYMENT_TARGET = 8.2;
				LD_RUNPATH_SEARCH_PATHS = "$(inherited) @executable_path/Frameworks @loader_path/Frameworks";
				LIBRARY_SEARCH_PATHS = (
					"$(inherited)",
					"\"$(SRCROOT)/$(TARGET_NAME)\"",
					"\"$(SRCROOT)/$(TARGET_NAME)\"",
				);
				PRODUCT_BUNDLE_IDENTIFIER = "org.reactjs.native.example.$(PRODUCT_NAME:rfc1034identifier)";
				PRODUCT_NAME = "$(TARGET_NAME)";
				TEST_HOST = "$(BUILT_PRODUCTS_DIR)/AlwaysAround.app/AlwaysAround";
			};
			name = Release;
		};
		13B07F941A680F5B00A75B9A /* Debug */ = {
			isa = XCBuildConfiguration;
			buildSettings = {
				ASSETCATALOG_COMPILER_APPICON_NAME = AppIcon;
				CODE_SIGN_IDENTITY = "iPhone Developer";
				"CODE_SIGN_IDENTITY[sdk=iphoneos*]" = "iPhone Developer";
				DEAD_CODE_STRIPPING = NO;
				HEADER_SEARCH_PATHS = (
					"$(inherited)",
					/Applications/Xcode.app/Contents/Developer/Toolchains/XcodeDefault.xctoolchain/usr/include,
					"$(SRCROOT)/../node_modules/react-native/React/**",
					"$(SRCROOT)/../../react-native/React/**",
					"$(SRCROOT)/../node_modules/react-native-vector-icons/RNVectorIconsManager",
					"$(SRCROOT)/../node_modules/react-native-vector-icons/RNVectorIconsManager",
				);
				INFOPLIST_FILE = AlwaysAround/Info.plist;
				IPHONEOS_DEPLOYMENT_TARGET = 9.3;
				LD_RUNPATH_SEARCH_PATHS = "$(inherited) @executable_path/Frameworks";
				OTHER_LDFLAGS = "-ObjC";
				PRODUCT_BUNDLE_IDENTIFIER = "Yiran-Tao.AlwaysAround";
				PRODUCT_NAME = AlwaysAround;
				PROVISIONING_PROFILE = "";
			};
			name = Debug;
		};
		13B07F951A680F5B00A75B9A /* Release */ = {
			isa = XCBuildConfiguration;
			buildSettings = {
				ASSETCATALOG_COMPILER_APPICON_NAME = AppIcon;
				CODE_SIGN_IDENTITY = "iPhone Developer";
				"CODE_SIGN_IDENTITY[sdk=iphoneos*]" = "iPhone Developer";
				HEADER_SEARCH_PATHS = (
					"$(inherited)",
					/Applications/Xcode.app/Contents/Developer/Toolchains/XcodeDefault.xctoolchain/usr/include,
					"$(SRCROOT)/../node_modules/react-native/React/**",
					"$(SRCROOT)/../../react-native/React/**",
					"$(SRCROOT)/../node_modules/react-native-vector-icons/RNVectorIconsManager",
					"$(SRCROOT)/../node_modules/react-native-vector-icons/RNVectorIconsManager",
				);
				INFOPLIST_FILE = AlwaysAround/Info.plist;
				IPHONEOS_DEPLOYMENT_TARGET = 9.3;
				LD_RUNPATH_SEARCH_PATHS = "$(inherited) @executable_path/Frameworks";
				OTHER_LDFLAGS = "-ObjC";
				PRODUCT_BUNDLE_IDENTIFIER = "Yiran-Tao.AlwaysAround";
				PRODUCT_NAME = AlwaysAround;
				PROVISIONING_PROFILE = "";
			};
			name = Release;
		};
		83CBBA201A601CBA00E9B192 /* Debug */ = {
			isa = XCBuildConfiguration;
			buildSettings = {
				ALWAYS_SEARCH_USER_PATHS = NO;
				CLANG_CXX_LANGUAGE_STANDARD = "gnu++0x";
				CLANG_CXX_LIBRARY = "libc++";
				CLANG_ENABLE_MODULES = YES;
				CLANG_ENABLE_OBJC_ARC = YES;
				CLANG_WARN_BOOL_CONVERSION = YES;
				CLANG_WARN_CONSTANT_CONVERSION = YES;
				CLANG_WARN_DIRECT_OBJC_ISA_USAGE = YES_ERROR;
				CLANG_WARN_EMPTY_BODY = YES;
				CLANG_WARN_ENUM_CONVERSION = YES;
				CLANG_WARN_INT_CONVERSION = YES;
				CLANG_WARN_OBJC_ROOT_CLASS = YES_ERROR;
				CLANG_WARN_UNREACHABLE_CODE = YES;
				CLANG_WARN__DUPLICATE_METHOD_MATCH = YES;
				"CODE_SIGN_IDENTITY[sdk=iphoneos*]" = "iPhone Developer";
				COPY_PHASE_STRIP = NO;
				ENABLE_STRICT_OBJC_MSGSEND = YES;
				ENABLE_TESTABILITY = YES;
				GCC_C_LANGUAGE_STANDARD = gnu99;
				GCC_DYNAMIC_NO_PIC = NO;
				GCC_OPTIMIZATION_LEVEL = 0;
				GCC_PREPROCESSOR_DEFINITIONS = (
					"DEBUG=1",
					"$(inherited)",
				);
				GCC_SYMBOLS_PRIVATE_EXTERN = NO;
				GCC_WARN_64_TO_32_BIT_CONVERSION = YES;
				GCC_WARN_ABOUT_RETURN_TYPE = YES_ERROR;
				GCC_WARN_UNDECLARED_SELECTOR = YES;
				GCC_WARN_UNINITIALIZED_AUTOS = YES_AGGRESSIVE;
				GCC_WARN_UNUSED_FUNCTION = YES;
				GCC_WARN_UNUSED_VARIABLE = YES;
				HEADER_SEARCH_PATHS = (
					"$(inherited)",
					/Applications/Xcode.app/Contents/Developer/Toolchains/XcodeDefault.xctoolchain/usr/include,
					"$(SRCROOT)/../node_modules/react-native/React/**",
					"$(SRCROOT)/../node_modules/react-native-vector-icons/RNVectorIconsManager",
					"$(SRCROOT)/../node_modules/react-native-vector-icons/RNVectorIconsManager",
				);
				IPHONEOS_DEPLOYMENT_TARGET = 7.0;
				MTL_ENABLE_DEBUG_INFO = YES;
				ONLY_ACTIVE_ARCH = YES;
				SDKROOT = iphoneos;
			};
			name = Debug;
		};
		83CBBA211A601CBA00E9B192 /* Release */ = {
			isa = XCBuildConfiguration;
			buildSettings = {
				ALWAYS_SEARCH_USER_PATHS = NO;
				CLANG_CXX_LANGUAGE_STANDARD = "gnu++0x";
				CLANG_CXX_LIBRARY = "libc++";
				CLANG_ENABLE_MODULES = YES;
				CLANG_ENABLE_OBJC_ARC = YES;
				CLANG_WARN_BOOL_CONVERSION = YES;
				CLANG_WARN_CONSTANT_CONVERSION = YES;
				CLANG_WARN_DIRECT_OBJC_ISA_USAGE = YES_ERROR;
				CLANG_WARN_EMPTY_BODY = YES;
				CLANG_WARN_ENUM_CONVERSION = YES;
				CLANG_WARN_INT_CONVERSION = YES;
				CLANG_WARN_OBJC_ROOT_CLASS = YES_ERROR;
				CLANG_WARN_UNREACHABLE_CODE = YES;
				CLANG_WARN__DUPLICATE_METHOD_MATCH = YES;
				"CODE_SIGN_IDENTITY[sdk=iphoneos*]" = "iPhone Developer";
				COPY_PHASE_STRIP = YES;
				ENABLE_NS_ASSERTIONS = NO;
				ENABLE_STRICT_OBJC_MSGSEND = YES;
				GCC_C_LANGUAGE_STANDARD = gnu99;
				GCC_WARN_64_TO_32_BIT_CONVERSION = YES;
				GCC_WARN_ABOUT_RETURN_TYPE = YES_ERROR;
				GCC_WARN_UNDECLARED_SELECTOR = YES;
				GCC_WARN_UNINITIALIZED_AUTOS = YES_AGGRESSIVE;
				GCC_WARN_UNUSED_FUNCTION = YES;
				GCC_WARN_UNUSED_VARIABLE = YES;
				HEADER_SEARCH_PATHS = (
					"$(inherited)",
					/Applications/Xcode.app/Contents/Developer/Toolchains/XcodeDefault.xctoolchain/usr/include,
					"$(SRCROOT)/../node_modules/react-native/React/**",
					"$(SRCROOT)/../node_modules/react-native-vector-icons/RNVectorIconsManager",
					"$(SRCROOT)/../node_modules/react-native-vector-icons/RNVectorIconsManager",
				);
				IPHONEOS_DEPLOYMENT_TARGET = 7.0;
				MTL_ENABLE_DEBUG_INFO = NO;
				SDKROOT = iphoneos;
				VALIDATE_PRODUCT = YES;
			};
			name = Release;
		};
/* End XCBuildConfiguration section */

/* Begin XCConfigurationList section */
		00E357021AD99517003FC87E /* Build configuration list for PBXNativeTarget "AlwaysAroundTests" */ = {
			isa = XCConfigurationList;
			buildConfigurations = (
				00E356F61AD99517003FC87E /* Debug */,
				00E356F71AD99517003FC87E /* Release */,
			);
			defaultConfigurationIsVisible = 0;
			defaultConfigurationName = Release;
		};
		13B07F931A680F5B00A75B9A /* Build configuration list for PBXNativeTarget "AlwaysAround" */ = {
			isa = XCConfigurationList;
			buildConfigurations = (
				13B07F941A680F5B00A75B9A /* Debug */,
				13B07F951A680F5B00A75B9A /* Release */,
			);
			defaultConfigurationIsVisible = 0;
			defaultConfigurationName = Release;
		};
		83CBB9FA1A601CBA00E9B192 /* Build configuration list for PBXProject "AlwaysAround" */ = {
			isa = XCConfigurationList;
			buildConfigurations = (
				83CBBA201A601CBA00E9B192 /* Debug */,
				83CBBA211A601CBA00E9B192 /* Release */,
			);
			defaultConfigurationIsVisible = 0;
			defaultConfigurationName = Release;
		};
/* End XCConfigurationList section */
	};
	rootObject = 83CBB9F71A601CBA00E9B192 /* Project object */;
}
